// !$*UTF8*$!
{
	archiveVersion = 1;
	classes = {
	};
	objectVersion = 56;
	objects = {

/* Begin PBXBuildFile section */
		D42ACF002A22661A00A23031 /* LockedTabScreenView.swift in Sources */ = {isa = PBXBuildFile; fileRef = D42ACEFF2A22661A00A23031 /* LockedTabScreenView.swift */; };
		D42ACF042A22667600A23031 /* LoginButtonView.swift in Sources */ = {isa = PBXBuildFile; fileRef = D42ACF032A22667600A23031 /* LoginButtonView.swift */; };
		D42ACF062A2269B800A23031 /* LoginButtonStyle.swift in Sources */ = {isa = PBXBuildFile; fileRef = D42ACF052A2269B800A23031 /* LoginButtonStyle.swift */; };
		D42ACF082A226E5E00A23031 /* LockedTabScreenCommon.swift in Sources */ = {isa = PBXBuildFile; fileRef = D42ACF072A226E5E00A23031 /* LockedTabScreenCommon.swift */; };
		D42ACF0A2A22787800A23031 /* LockedTabScreenVMImpl.swift in Sources */ = {isa = PBXBuildFile; fileRef = D42ACF092A22787800A23031 /* LockedTabScreenVMImpl.swift */; };
		D42ACF0D2A227EEB00A23031 /* PaymentsCoordinator.swift in Sources */ = {isa = PBXBuildFile; fileRef = D42ACF0C2A227EEB00A23031 /* PaymentsCoordinator.swift */; };
		D42ACF102A2334DA00A23031 /* AuthorisationCoordinator.swift in Sources */ = {isa = PBXBuildFile; fileRef = D42ACF0F2A2334DA00A23031 /* AuthorisationCoordinator.swift */; };
		D42ACF142A23462800A23031 /* LanguageDropdownView.swift in Sources */ = {isa = PBXBuildFile; fileRef = D42ACF132A23462800A23031 /* LanguageDropdownView.swift */; };
		D42FF51F2A32036100036D83 /* UserSessionAssembly.swift in Sources */ = {isa = PBXBuildFile; fileRef = D42FF51E2A32036100036D83 /* UserSessionAssembly.swift */; };
		D42FF5242A320DAB00036D83 /* UserSessionManagerImpl.swift in Sources */ = {isa = PBXBuildFile; fileRef = D42FF5232A320DAB00036D83 /* UserSessionManagerImpl.swift */; };
		D42FF5262A320F9700036D83 /* UserSessionImpl.swift in Sources */ = {isa = PBXBuildFile; fileRef = D42FF5252A320F9700036D83 /* UserSessionImpl.swift */; };
		D42FF5282A320FAD00036D83 /* SwedbankUserSessionCredentials.swift in Sources */ = {isa = PBXBuildFile; fileRef = D42FF5272A320FAD00036D83 /* SwedbankUserSessionCredentials.swift */; };
		D42FF52A2A323D9600036D83 /* UserSessionCredentialsStoreImpl.swift in Sources */ = {isa = PBXBuildFile; fileRef = D42FF5292A323D9600036D83 /* UserSessionCredentialsStoreImpl.swift */; };
		D42FF52D2A32442700036D83 /* KeychainAccess in Frameworks */ = {isa = PBXBuildFile; productRef = D42FF52C2A32442700036D83 /* KeychainAccess */; };
		D42FF5312A3244F100036D83 /* KeychainConstants.swift in Sources */ = {isa = PBXBuildFile; fileRef = D42FF5302A3244F100036D83 /* KeychainConstants.swift */; };
		D42FF5442A3301C100036D83 /* UserSessionManagerTests.swift in Sources */ = {isa = PBXBuildFile; fileRef = D42FF5432A3301C000036D83 /* UserSessionManagerTests.swift */; };
		D42FF5462A33859B00036D83 /* UserSessionFactoryImpl.swift in Sources */ = {isa = PBXBuildFile; fileRef = D42FF5452A33859B00036D83 /* UserSessionFactoryImpl.swift */; };
		D42FF5482A343E5F00036D83 /* AuthCredentialsProvider.swift in Sources */ = {isa = PBXBuildFile; fileRef = D42FF5472A343E5F00036D83 /* AuthCredentialsProvider.swift */; };
		D42FF54D2A34405000036D83 /* AuthCredentialsProviderImpl.swift in Sources */ = {isa = PBXBuildFile; fileRef = D42FF54C2A34405000036D83 /* AuthCredentialsProviderImpl.swift */; };
		D42FF54F2A34409400036D83 /* DevelopmentConstants.swift in Sources */ = {isa = PBXBuildFile; fileRef = D42FF54E2A34409400036D83 /* DevelopmentConstants.swift */; };
		D42FF55C2A35B3C600036D83 /* LoginScreenCommon.swift in Sources */ = {isa = PBXBuildFile; fileRef = D42FF55B2A35B3C600036D83 /* LoginScreenCommon.swift */; };
		D42FF55E2A35B67600036D83 /* LoginScreenVMImpl.swift in Sources */ = {isa = PBXBuildFile; fileRef = D42FF55D2A35B67600036D83 /* LoginScreenVMImpl.swift */; };
		D42FF5602A35B8F200036D83 /* LoginScreenVC.swift in Sources */ = {isa = PBXBuildFile; fileRef = D42FF55F2A35B8F200036D83 /* LoginScreenVC.swift */; };
		D42FF5622A35BED900036D83 /* LoginScreenVC.storyboard in Resources */ = {isa = PBXBuildFile; fileRef = D42FF5612A35BED900036D83 /* LoginScreenVC.storyboard */; };
		D43599C12A1BD2750057AF7B /* AppTabBarController.swift in Sources */ = {isa = PBXBuildFile; fileRef = D43599C02A1BD2750057AF7B /* AppTabBarController.swift */; };
		D43599C32A1BD95E0057AF7B /* Colors.xcassets in Resources */ = {isa = PBXBuildFile; fileRef = D43599C22A1BD95E0057AF7B /* Colors.xcassets */; };
		D43599C62A1BDEF50057AF7B /* XCAssets+Generated.swift in Sources */ = {isa = PBXBuildFile; fileRef = D43599C52A1BDEF50057AF7B /* XCAssets+Generated.swift */; };
		D43599CA2A1C04830057AF7B /* Localizable.strings in Resources */ = {isa = PBXBuildFile; fileRef = D43599CC2A1C04830057AF7B /* Localizable.strings */; };
		D43599CF2A1C07570057AF7B /* Strings+Generated.swift in Sources */ = {isa = PBXBuildFile; fileRef = D43599CE2A1C07570057AF7B /* Strings+Generated.swift */; };
		D475BFA72A152C020057422D /* AppDelegate.swift in Sources */ = {isa = PBXBuildFile; fileRef = D475BFA62A152C020057422D /* AppDelegate.swift */; };
		D475BFA92A152C020057422D /* SceneDelegate.swift in Sources */ = {isa = PBXBuildFile; fileRef = D475BFA82A152C020057422D /* SceneDelegate.swift */; };
		D475BFB12A152C020057422D /* Swedbank_Clone.xcdatamodeld in Sources */ = {isa = PBXBuildFile; fileRef = D475BFAF2A152C020057422D /* Swedbank_Clone.xcdatamodeld */; };
		D475BFB32A152C030057422D /* Images.xcassets in Resources */ = {isa = PBXBuildFile; fileRef = D475BFB22A152C030057422D /* Images.xcassets */; };
		D475BFCB2A152C030057422D /* SwedbankCloneUITests.swift in Sources */ = {isa = PBXBuildFile; fileRef = D475BFCA2A152C030057422D /* SwedbankCloneUITests.swift */; };
		D475BFCD2A152C030057422D /* SwedbankCloneUITestsLaunchTests.swift in Sources */ = {isa = PBXBuildFile; fileRef = D475BFCC2A152C030057422D /* SwedbankCloneUITestsLaunchTests.swift */; };
		D475BFDD2A152C310057422D /* DependencyProvider.swift in Sources */ = {isa = PBXBuildFile; fileRef = D475BFDC2A152C310057422D /* DependencyProvider.swift */; };
		D475BFE52A152D0E0057422D /* DevToolsCore in Frameworks */ = {isa = PBXBuildFile; productRef = D475BFE42A152D0E0057422D /* DevToolsCore */; };
		D475BFE72A152D0E0057422D /* DevToolsCoreData in Frameworks */ = {isa = PBXBuildFile; productRef = D475BFE62A152D0E0057422D /* DevToolsCoreData */; };
		D475BFE92A152D0E0057422D /* DevToolsNavigation in Frameworks */ = {isa = PBXBuildFile; productRef = D475BFE82A152D0E0057422D /* DevToolsNavigation */; };
		D475BFEB2A152D0E0057422D /* DevToolsNetworking in Frameworks */ = {isa = PBXBuildFile; productRef = D475BFEA2A152D0E0057422D /* DevToolsNetworking */; };
		D475BFED2A152D0E0057422D /* DevToolsUI in Frameworks */ = {isa = PBXBuildFile; productRef = D475BFEC2A152D0E0057422D /* DevToolsUI */; };
		D475BFF02A152D620057422D /* Swinject in Frameworks */ = {isa = PBXBuildFile; productRef = D475BFEF2A152D620057422D /* Swinject */; };
		D475BFF72A152DA10057422D /* RepositoryAssembly.swift in Sources */ = {isa = PBXBuildFile; fileRef = D475BFF22A152DA10057422D /* RepositoryAssembly.swift */; };
		D475BFF82A152DA10057422D /* DataMapperAssembly.swift in Sources */ = {isa = PBXBuildFile; fileRef = D475BFF32A152DA10057422D /* DataMapperAssembly.swift */; };
		D475BFF92A152DA10057422D /* PersistentCoreDataStoreAssembly.swift in Sources */ = {isa = PBXBuildFile; fileRef = D475BFF42A152DA10057422D /* PersistentCoreDataStoreAssembly.swift */; };
		D475BFFB2A152DA10057422D /* DataProviderAssembly.swift in Sources */ = {isa = PBXBuildFile; fileRef = D475BFF62A152DA10057422D /* DataProviderAssembly.swift */; };
		D475C0092A1530300057422D /* Person.swift in Sources */ = {isa = PBXBuildFile; fileRef = D475C0082A1530300057422D /* Person.swift */; };
		D475C00B2A1531C40057422D /* AppCoordinator.swift in Sources */ = {isa = PBXBuildFile; fileRef = D475C00A2A1531C40057422D /* AppCoordinator.swift */; };
		D49B945D2A23A1160000BFBF /* DevToolsLocalization in Frameworks */ = {isa = PBXBuildFile; productRef = D49B945C2A23A1160000BFBF /* DevToolsLocalization */; };
		D49B945F2A23A3310000BFBF /* LocalizationAssembly.swift in Sources */ = {isa = PBXBuildFile; fileRef = D49B945E2A23A3310000BFBF /* LocalizationAssembly.swift */; };
		D4B1BFA72A2353A00028A39D /* Globals.swift in Sources */ = {isa = PBXBuildFile; fileRef = D4B1BFA62A2353A00028A39D /* Globals.swift */; };
		D4B1BFAA2A23594E0028A39D /* LanguageSelectionScreenBottomSheetView.swift in Sources */ = {isa = PBXBuildFile; fileRef = D4B1BFA92A23594E0028A39D /* LanguageSelectionScreenBottomSheetView.swift */; };
		D4B1BFAC2A2359930028A39D /* LanguageSelectionScreenBottomSheetCommon.swift in Sources */ = {isa = PBXBuildFile; fileRef = D4B1BFAB2A2359930028A39D /* LanguageSelectionScreenBottomSheetCommon.swift */; };
		D4B1BFAE2A2359A00028A39D /* LanguageSelectionScreenBottomSheetVMimpl.swift in Sources */ = {isa = PBXBuildFile; fileRef = D4B1BFAD2A2359A00028A39D /* LanguageSelectionScreenBottomSheetVMimpl.swift */; };
		D4B936122A1BC45100A39414 /* TabBarCoordinator.swift in Sources */ = {isa = PBXBuildFile; fileRef = D4B936112A1BC45100A39414 /* TabBarCoordinator.swift */; };
		D4B936152A1BC65D00A39414 /* OverviewCoordinator.swift in Sources */ = {isa = PBXBuildFile; fileRef = D4B936142A1BC65D00A39414 /* OverviewCoordinator.swift */; };
		D4CEC2B72A363A0F00AFABF9 /* NavigationCoordinatorAssembly.swift in Sources */ = {isa = PBXBuildFile; fileRef = D4CEC2B62A363A0F00AFABF9 /* NavigationCoordinatorAssembly.swift */; };
/* End PBXBuildFile section */

/* Begin PBXContainerItemProxy section */
		D475BFBD2A152C030057422D /* PBXContainerItemProxy */ = {
			isa = PBXContainerItemProxy;
			containerPortal = D475BF9B2A152C020057422D /* Project object */;
			proxyType = 1;
			remoteGlobalIDString = D475BFA22A152C020057422D;
			remoteInfo = "Swedbank-Clone";
		};
		D475BFC72A152C030057422D /* PBXContainerItemProxy */ = {
			isa = PBXContainerItemProxy;
			containerPortal = D475BF9B2A152C020057422D /* Project object */;
			proxyType = 1;
			remoteGlobalIDString = D475BFA22A152C020057422D;
			remoteInfo = "Swedbank-Clone";
		};
/* End PBXContainerItemProxy section */

/* Begin PBXFileReference section */
		D42ACEFF2A22661A00A23031 /* LockedTabScreenView.swift */ = {isa = PBXFileReference; lastKnownFileType = sourcecode.swift; path = LockedTabScreenView.swift; sourceTree = "<group>"; };
		D42ACF032A22667600A23031 /* LoginButtonView.swift */ = {isa = PBXFileReference; lastKnownFileType = sourcecode.swift; path = LoginButtonView.swift; sourceTree = "<group>"; };
		D42ACF052A2269B800A23031 /* LoginButtonStyle.swift */ = {isa = PBXFileReference; lastKnownFileType = sourcecode.swift; path = LoginButtonStyle.swift; sourceTree = "<group>"; };
		D42ACF072A226E5E00A23031 /* LockedTabScreenCommon.swift */ = {isa = PBXFileReference; lastKnownFileType = sourcecode.swift; path = LockedTabScreenCommon.swift; sourceTree = "<group>"; };
		D42ACF092A22787800A23031 /* LockedTabScreenVMImpl.swift */ = {isa = PBXFileReference; lastKnownFileType = sourcecode.swift; path = LockedTabScreenVMImpl.swift; sourceTree = "<group>"; };
		D42ACF0C2A227EEB00A23031 /* PaymentsCoordinator.swift */ = {isa = PBXFileReference; fileEncoding = 4; lastKnownFileType = sourcecode.swift; path = PaymentsCoordinator.swift; sourceTree = "<group>"; };
		D42ACF0F2A2334DA00A23031 /* AuthorisationCoordinator.swift */ = {isa = PBXFileReference; fileEncoding = 4; lastKnownFileType = sourcecode.swift; path = AuthorisationCoordinator.swift; sourceTree = "<group>"; };
		D42ACF132A23462800A23031 /* LanguageDropdownView.swift */ = {isa = PBXFileReference; lastKnownFileType = sourcecode.swift; path = LanguageDropdownView.swift; sourceTree = "<group>"; };
		D42FF51E2A32036100036D83 /* UserSessionAssembly.swift */ = {isa = PBXFileReference; fileEncoding = 4; lastKnownFileType = sourcecode.swift; path = UserSessionAssembly.swift; sourceTree = "<group>"; };
		D42FF5232A320DAB00036D83 /* UserSessionManagerImpl.swift */ = {isa = PBXFileReference; lastKnownFileType = sourcecode.swift; path = UserSessionManagerImpl.swift; sourceTree = "<group>"; };
		D42FF5252A320F9700036D83 /* UserSessionImpl.swift */ = {isa = PBXFileReference; lastKnownFileType = sourcecode.swift; path = UserSessionImpl.swift; sourceTree = "<group>"; };
		D42FF5272A320FAD00036D83 /* SwedbankUserSessionCredentials.swift */ = {isa = PBXFileReference; lastKnownFileType = sourcecode.swift; path = SwedbankUserSessionCredentials.swift; sourceTree = "<group>"; };
		D42FF5292A323D9600036D83 /* UserSessionCredentialsStoreImpl.swift */ = {isa = PBXFileReference; lastKnownFileType = sourcecode.swift; path = UserSessionCredentialsStoreImpl.swift; sourceTree = "<group>"; };
		D42FF5302A3244F100036D83 /* KeychainConstants.swift */ = {isa = PBXFileReference; lastKnownFileType = sourcecode.swift; path = KeychainConstants.swift; sourceTree = "<group>"; };
		D42FF5432A3301C000036D83 /* UserSessionManagerTests.swift */ = {isa = PBXFileReference; fileEncoding = 4; lastKnownFileType = sourcecode.swift; path = UserSessionManagerTests.swift; sourceTree = "<group>"; };
		D42FF5452A33859B00036D83 /* UserSessionFactoryImpl.swift */ = {isa = PBXFileReference; lastKnownFileType = sourcecode.swift; path = UserSessionFactoryImpl.swift; sourceTree = "<group>"; };
		D42FF5472A343E5F00036D83 /* AuthCredentialsProvider.swift */ = {isa = PBXFileReference; lastKnownFileType = sourcecode.swift; path = AuthCredentialsProvider.swift; sourceTree = "<group>"; };
		D42FF54C2A34405000036D83 /* AuthCredentialsProviderImpl.swift */ = {isa = PBXFileReference; lastKnownFileType = sourcecode.swift; path = AuthCredentialsProviderImpl.swift; sourceTree = "<group>"; };
		D42FF54E2A34409400036D83 /* DevelopmentConstants.swift */ = {isa = PBXFileReference; lastKnownFileType = sourcecode.swift; path = DevelopmentConstants.swift; sourceTree = "<group>"; };
		D42FF55B2A35B3C600036D83 /* LoginScreenCommon.swift */ = {isa = PBXFileReference; lastKnownFileType = sourcecode.swift; path = LoginScreenCommon.swift; sourceTree = "<group>"; };
		D42FF55D2A35B67600036D83 /* LoginScreenVMImpl.swift */ = {isa = PBXFileReference; lastKnownFileType = sourcecode.swift; path = LoginScreenVMImpl.swift; sourceTree = "<group>"; };
		D42FF55F2A35B8F200036D83 /* LoginScreenVC.swift */ = {isa = PBXFileReference; lastKnownFileType = sourcecode.swift; path = LoginScreenVC.swift; sourceTree = "<group>"; };
		D42FF5612A35BED900036D83 /* LoginScreenVC.storyboard */ = {isa = PBXFileReference; lastKnownFileType = file.storyboard; path = LoginScreenVC.storyboard; sourceTree = "<group>"; };
		D43599C02A1BD2750057AF7B /* AppTabBarController.swift */ = {isa = PBXFileReference; lastKnownFileType = sourcecode.swift; path = AppTabBarController.swift; sourceTree = "<group>"; };
		D43599C22A1BD95E0057AF7B /* Colors.xcassets */ = {isa = PBXFileReference; lastKnownFileType = folder.assetcatalog; path = Colors.xcassets; sourceTree = "<group>"; };
		D43599C52A1BDEF50057AF7B /* XCAssets+Generated.swift */ = {isa = PBXFileReference; fileEncoding = 4; lastKnownFileType = sourcecode.swift; path = "XCAssets+Generated.swift"; sourceTree = "<group>"; };
		D43599CB2A1C04830057AF7B /* en */ = {isa = PBXFileReference; lastKnownFileType = text.plist.strings; name = en; path = en.lproj/Localizable.strings; sourceTree = "<group>"; };
		D43599CE2A1C07570057AF7B /* Strings+Generated.swift */ = {isa = PBXFileReference; fileEncoding = 4; lastKnownFileType = sourcecode.swift; path = "Strings+Generated.swift"; sourceTree = "<group>"; };
		D43599D22A1C0E020057AF7B /* lv */ = {isa = PBXFileReference; lastKnownFileType = text.plist.strings; name = lv; path = lv.lproj/Localizable.strings; sourceTree = "<group>"; };
		D475BFA32A152C020057422D /* Swedbank-Clone.app */ = {isa = PBXFileReference; explicitFileType = wrapper.application; includeInIndex = 0; path = "Swedbank-Clone.app"; sourceTree = BUILT_PRODUCTS_DIR; };
		D475BFA62A152C020057422D /* AppDelegate.swift */ = {isa = PBXFileReference; lastKnownFileType = sourcecode.swift; path = AppDelegate.swift; sourceTree = "<group>"; };
		D475BFA82A152C020057422D /* SceneDelegate.swift */ = {isa = PBXFileReference; lastKnownFileType = sourcecode.swift; path = SceneDelegate.swift; sourceTree = "<group>"; };
		D475BFB02A152C020057422D /* Swedbank_Clone.xcdatamodel */ = {isa = PBXFileReference; lastKnownFileType = wrapper.xcdatamodel; path = Swedbank_Clone.xcdatamodel; sourceTree = "<group>"; };
		D475BFB22A152C030057422D /* Images.xcassets */ = {isa = PBXFileReference; lastKnownFileType = folder.assetcatalog; path = Images.xcassets; sourceTree = "<group>"; };
		D475BFB72A152C030057422D /* Info.plist */ = {isa = PBXFileReference; lastKnownFileType = text.plist.xml; path = Info.plist; sourceTree = "<group>"; };
		D475BFBC2A152C030057422D /* Swedbank-CloneTests.xctest */ = {isa = PBXFileReference; explicitFileType = wrapper.cfbundle; includeInIndex = 0; path = "Swedbank-CloneTests.xctest"; sourceTree = BUILT_PRODUCTS_DIR; };
		D475BFC62A152C030057422D /* Swedbank-CloneUITests.xctest */ = {isa = PBXFileReference; explicitFileType = wrapper.cfbundle; includeInIndex = 0; path = "Swedbank-CloneUITests.xctest"; sourceTree = BUILT_PRODUCTS_DIR; };
		D475BFCA2A152C030057422D /* SwedbankCloneUITests.swift */ = {isa = PBXFileReference; lastKnownFileType = sourcecode.swift; path = SwedbankCloneUITests.swift; sourceTree = "<group>"; };
		D475BFCC2A152C030057422D /* SwedbankCloneUITestsLaunchTests.swift */ = {isa = PBXFileReference; lastKnownFileType = sourcecode.swift; path = SwedbankCloneUITestsLaunchTests.swift; sourceTree = "<group>"; };
		D475BFDC2A152C310057422D /* DependencyProvider.swift */ = {isa = PBXFileReference; lastKnownFileType = sourcecode.swift; path = DependencyProvider.swift; sourceTree = "<group>"; };
		D475BFF22A152DA10057422D /* RepositoryAssembly.swift */ = {isa = PBXFileReference; fileEncoding = 4; lastKnownFileType = sourcecode.swift; path = RepositoryAssembly.swift; sourceTree = "<group>"; };
		D475BFF32A152DA10057422D /* DataMapperAssembly.swift */ = {isa = PBXFileReference; fileEncoding = 4; lastKnownFileType = sourcecode.swift; path = DataMapperAssembly.swift; sourceTree = "<group>"; };
		D475BFF42A152DA10057422D /* PersistentCoreDataStoreAssembly.swift */ = {isa = PBXFileReference; fileEncoding = 4; lastKnownFileType = sourcecode.swift; path = PersistentCoreDataStoreAssembly.swift; sourceTree = "<group>"; };
		D475BFF62A152DA10057422D /* DataProviderAssembly.swift */ = {isa = PBXFileReference; fileEncoding = 4; lastKnownFileType = sourcecode.swift; path = DataProviderAssembly.swift; sourceTree = "<group>"; };
		D475C0082A1530300057422D /* Person.swift */ = {isa = PBXFileReference; lastKnownFileType = sourcecode.swift; path = Person.swift; sourceTree = "<group>"; };
		D475C00A2A1531C40057422D /* AppCoordinator.swift */ = {isa = PBXFileReference; lastKnownFileType = sourcecode.swift; path = AppCoordinator.swift; sourceTree = "<group>"; };
		D49B945E2A23A3310000BFBF /* LocalizationAssembly.swift */ = {isa = PBXFileReference; fileEncoding = 4; lastKnownFileType = sourcecode.swift; path = LocalizationAssembly.swift; sourceTree = "<group>"; };
		D4B1BFA62A2353A00028A39D /* Globals.swift */ = {isa = PBXFileReference; lastKnownFileType = sourcecode.swift; path = Globals.swift; sourceTree = "<group>"; };
		D4B1BFA92A23594E0028A39D /* LanguageSelectionScreenBottomSheetView.swift */ = {isa = PBXFileReference; lastKnownFileType = sourcecode.swift; path = LanguageSelectionScreenBottomSheetView.swift; sourceTree = "<group>"; };
		D4B1BFAB2A2359930028A39D /* LanguageSelectionScreenBottomSheetCommon.swift */ = {isa = PBXFileReference; lastKnownFileType = sourcecode.swift; path = LanguageSelectionScreenBottomSheetCommon.swift; sourceTree = "<group>"; };
		D4B1BFAD2A2359A00028A39D /* LanguageSelectionScreenBottomSheetVMimpl.swift */ = {isa = PBXFileReference; lastKnownFileType = sourcecode.swift; path = LanguageSelectionScreenBottomSheetVMimpl.swift; sourceTree = "<group>"; };
		D4B936112A1BC45100A39414 /* TabBarCoordinator.swift */ = {isa = PBXFileReference; lastKnownFileType = sourcecode.swift; path = TabBarCoordinator.swift; sourceTree = "<group>"; };
		D4B936142A1BC65D00A39414 /* OverviewCoordinator.swift */ = {isa = PBXFileReference; lastKnownFileType = sourcecode.swift; path = OverviewCoordinator.swift; sourceTree = "<group>"; };
		D4CEC2B62A363A0F00AFABF9 /* NavigationCoordinatorAssembly.swift */ = {isa = PBXFileReference; lastKnownFileType = sourcecode.swift; path = NavigationCoordinatorAssembly.swift; sourceTree = "<group>"; };
/* End PBXFileReference section */

/* Begin PBXFrameworksBuildPhase section */
		D475BFA02A152C020057422D /* Frameworks */ = {
			isa = PBXFrameworksBuildPhase;
			buildActionMask = 2147483647;
			files = (
				D475BFE52A152D0E0057422D /* DevToolsCore in Frameworks */,
				D475BFED2A152D0E0057422D /* DevToolsUI in Frameworks */,
				D475BFE92A152D0E0057422D /* DevToolsNavigation in Frameworks */,
				D49B945D2A23A1160000BFBF /* DevToolsLocalization in Frameworks */,
				D42FF52D2A32442700036D83 /* KeychainAccess in Frameworks */,
				D475BFEB2A152D0E0057422D /* DevToolsNetworking in Frameworks */,
				D475BFE72A152D0E0057422D /* DevToolsCoreData in Frameworks */,
				D475BFF02A152D620057422D /* Swinject in Frameworks */,
			);
			runOnlyForDeploymentPostprocessing = 0;
		};
		D475BFB92A152C030057422D /* Frameworks */ = {
			isa = PBXFrameworksBuildPhase;
			buildActionMask = 2147483647;
			files = (
			);
			runOnlyForDeploymentPostprocessing = 0;
		};
		D475BFC32A152C030057422D /* Frameworks */ = {
			isa = PBXFrameworksBuildPhase;
			buildActionMask = 2147483647;
			files = (
			);
			runOnlyForDeploymentPostprocessing = 0;
		};
/* End PBXFrameworksBuildPhase section */

/* Begin PBXGroup section */
		D42ACEFE2A22657A00A23031 /* LockedTab */ = {
			isa = PBXGroup;
			children = (
				D42ACEFF2A22661A00A23031 /* LockedTabScreenView.swift */,
				D42ACF092A22787800A23031 /* LockedTabScreenVMImpl.swift */,
				D42ACF072A226E5E00A23031 /* LockedTabScreenCommon.swift */,
			);
			path = LockedTab;
			sourceTree = "<group>";
		};
		D42ACF012A22663800A23031 /* Button */ = {
			isa = PBXGroup;
			children = (
				D42ACF022A22664500A23031 /* LoginButton */,
			);
			path = Button;
			sourceTree = "<group>";
		};
		D42ACF022A22664500A23031 /* LoginButton */ = {
			isa = PBXGroup;
			children = (
				D42ACF032A22667600A23031 /* LoginButtonView.swift */,
				D42ACF052A2269B800A23031 /* LoginButtonStyle.swift */,
			);
			path = LoginButton;
			sourceTree = "<group>";
		};
		D42ACF0B2A227EDA00A23031 /* Payments */ = {
			isa = PBXGroup;
			children = (
				D42ACF0C2A227EEB00A23031 /* PaymentsCoordinator.swift */,
			);
			path = Payments;
			sourceTree = "<group>";
		};
		D42ACF0E2A2334C200A23031 /* Authorisation */ = {
			isa = PBXGroup;
			children = (
				D42ACF0F2A2334DA00A23031 /* AuthorisationCoordinator.swift */,
			);
			path = Authorisation;
			sourceTree = "<group>";
		};
		D42ACF112A2345EA00A23031 /* Views */ = {
			isa = PBXGroup;
			children = (
				D42ACF122A2345F900A23031 /* LanguageDropdown */,
			);
			path = Views;
			sourceTree = "<group>";
		};
		D42ACF122A2345F900A23031 /* LanguageDropdown */ = {
			isa = PBXGroup;
			children = (
				D42ACF132A23462800A23031 /* LanguageDropdownView.swift */,
			);
			path = LanguageDropdown;
			sourceTree = "<group>";
		};
		D42FF5202A320D6B00036D83 /* UserSession */ = {
			isa = PBXGroup;
			children = (
				D42FF5232A320DAB00036D83 /* UserSessionManagerImpl.swift */,
				D42FF5252A320F9700036D83 /* UserSessionImpl.swift */,
				D42FF5292A323D9600036D83 /* UserSessionCredentialsStoreImpl.swift */,
			);
			path = UserSession;
			sourceTree = "<group>";
		};
		D42FF52E2A3244D300036D83 /* Constants */ = {
			isa = PBXGroup;
			children = (
				D42FF5302A3244F100036D83 /* KeychainConstants.swift */,
				D42FF54E2A34409400036D83 /* DevelopmentConstants.swift */,
			);
			path = Constants;
			sourceTree = "<group>";
		};
		D42FF5322A325F5100036D83 /* UserSession */ = {
			isa = PBXGroup;
			children = (
				D42FF5272A320FAD00036D83 /* SwedbankUserSessionCredentials.swift */,
			);
			path = UserSession;
			sourceTree = "<group>";
		};
		D42FF5352A32F38300036D83 /* Domain */ = {
			isa = PBXGroup;
			children = (
				D42FF54B2A34404100036D83 /* Providers */,
				D42FF53B2A32F55500036D83 /* Factories */,
				D42FF5362A32F39A00036D83 /* Models */,
			);
			path = Domain;
			sourceTree = "<group>";
		};
		D42FF5362A32F39A00036D83 /* Models */ = {
			isa = PBXGroup;
			children = (
				D42FF5202A320D6B00036D83 /* UserSession */,
			);
			path = Models;
			sourceTree = "<group>";
		};
		D42FF5372A32F3FC00036D83 /* Factories */ = {
			isa = PBXGroup;
			children = (
			);
			path = Factories;
			sourceTree = "<group>";
		};
		D42FF53B2A32F55500036D83 /* Factories */ = {
			isa = PBXGroup;
			children = (
				D42FF53C2A32F56100036D83 /* UserSession */,
			);
			path = Factories;
			sourceTree = "<group>";
		};
		D42FF53C2A32F56100036D83 /* UserSession */ = {
			isa = PBXGroup;
			children = (
				D42FF5452A33859B00036D83 /* UserSessionFactoryImpl.swift */,
			);
			path = UserSession;
			sourceTree = "<group>";
		};
		D42FF5492A343F9D00036D83 /* Providers */ = {
			isa = PBXGroup;
			children = (
				D42FF54A2A343FAC00036D83 /* AuthCredentialsProvider */,
			);
			path = Providers;
			sourceTree = "<group>";
		};
		D42FF54A2A343FAC00036D83 /* AuthCredentialsProvider */ = {
			isa = PBXGroup;
			children = (
				D42FF5472A343E5F00036D83 /* AuthCredentialsProvider.swift */,
			);
			path = AuthCredentialsProvider;
			sourceTree = "<group>";
		};
		D42FF54B2A34404100036D83 /* Providers */ = {
			isa = PBXGroup;
			children = (
				D42FF54C2A34405000036D83 /* AuthCredentialsProviderImpl.swift */,
			);
			path = Providers;
			sourceTree = "<group>";
		};
		D42FF5592A35B39600036D83 /* Login */ = {
			isa = PBXGroup;
			children = (
				D42FF55B2A35B3C600036D83 /* LoginScreenCommon.swift */,
				D42FF55D2A35B67600036D83 /* LoginScreenVMImpl.swift */,
				D42FF55F2A35B8F200036D83 /* LoginScreenVC.swift */,
				D42FF5612A35BED900036D83 /* LoginScreenVC.storyboard */,
			);
			path = Login;
			sourceTree = "<group>";
		};
		D43599C42A1BDEF50057AF7B /* Generated */ = {
			isa = PBXGroup;
			children = (
				D43599CE2A1C07570057AF7B /* Strings+Generated.swift */,
				D43599C52A1BDEF50057AF7B /* XCAssets+Generated.swift */,
			);
			path = Generated;
			sourceTree = "<group>";
		};
		D43599C72A1C04470057AF7B /* Assets */ = {
			isa = PBXGroup;
			children = (
				D475BFB22A152C030057422D /* Images.xcassets */,
				D43599C22A1BD95E0057AF7B /* Colors.xcassets */,
			);
			path = Assets;
			sourceTree = "<group>";
		};
		D43599CD2A1C06950057AF7B /* Strings */ = {
			isa = PBXGroup;
			children = (
				D43599CC2A1C04830057AF7B /* Localizable.strings */,
			);
			path = Strings;
			sourceTree = "<group>";
		};
		D475BF9A2A152C020057422D = {
			isa = PBXGroup;
			children = (
				D475BFA52A152C020057422D /* Swedbank-Clone */,
				D475BFBF2A152C030057422D /* Swedbank-CloneTests */,
				D475BFC92A152C030057422D /* Swedbank-CloneUITests */,
				D475BFA42A152C020057422D /* Products */,
				D49B945B2A23A1160000BFBF /* Frameworks */,
			);
			sourceTree = "<group>";
		};
		D475BFA42A152C020057422D /* Products */ = {
			isa = PBXGroup;
			children = (
				D475BFA32A152C020057422D /* Swedbank-Clone.app */,
				D475BFBC2A152C030057422D /* Swedbank-CloneTests.xctest */,
				D475BFC62A152C030057422D /* Swedbank-CloneUITests.xctest */,
			);
			name = Products;
			sourceTree = "<group>";
		};
		D475BFA52A152C020057422D /* Swedbank-Clone */ = {
			isa = PBXGroup;
			children = (
				D475BFA62A152C020057422D /* AppDelegate.swift */,
				D475BFA82A152C020057422D /* SceneDelegate.swift */,
				D475BFD92A152C0C0057422D /* Config */,
				D475BFFD2A152F070057422D /* Presentation */,
				D475BFDE2A152C590057422D /* Domain */,
				D475C0022A152F500057422D /* Infrastructure */,
				D475BFFC2A152EC80057422D /* Resources */,
				D475BFB72A152C030057422D /* Info.plist */,
				D43599C42A1BDEF50057AF7B /* Generated */,
			);
			path = "Swedbank-Clone";
			sourceTree = "<group>";
		};
		D475BFBF2A152C030057422D /* Swedbank-CloneTests */ = {
			isa = PBXGroup;
			children = (
				D42FF5432A3301C000036D83 /* UserSessionManagerTests.swift */,
			);
			path = "Swedbank-CloneTests";
			sourceTree = "<group>";
		};
		D475BFC92A152C030057422D /* Swedbank-CloneUITests */ = {
			isa = PBXGroup;
			children = (
				D475BFCA2A152C030057422D /* SwedbankCloneUITests.swift */,
				D475BFCC2A152C030057422D /* SwedbankCloneUITestsLaunchTests.swift */,
			);
			path = "Swedbank-CloneUITests";
			sourceTree = "<group>";
		};
		D475BFD92A152C0C0057422D /* Config */ = {
			isa = PBXGroup;
			children = (
				D42FF52E2A3244D300036D83 /* Constants */,
				D475BFDA2A152C170057422D /* Dependencies */,
			);
			path = Config;
			sourceTree = "<group>";
		};
		D475BFDA2A152C170057422D /* Dependencies */ = {
			isa = PBXGroup;
			children = (
				D475BFDC2A152C310057422D /* DependencyProvider.swift */,
				D475BFF12A152DA10057422D /* Assemblies */,
			);
			path = Dependencies;
			sourceTree = "<group>";
		};
		D475BFDE2A152C590057422D /* Domain */ = {
			isa = PBXGroup;
			children = (
				D42FF5492A343F9D00036D83 /* Providers */,
				D42FF5372A32F3FC00036D83 /* Factories */,
				D475BFE22A152C7A0057422D /* Models */,
			);
			path = Domain;
			sourceTree = "<group>";
		};
		D475BFE22A152C7A0057422D /* Models */ = {
			isa = PBXGroup;
			children = (
				D42FF5322A325F5100036D83 /* UserSession */,
				D475C0062A1530050057422D /* Person */,
			);
			path = Models;
			sourceTree = "<group>";
		};
		D475BFF12A152DA10057422D /* Assemblies */ = {
			isa = PBXGroup;
			children = (
				D475BFF22A152DA10057422D /* RepositoryAssembly.swift */,
				D475BFF32A152DA10057422D /* DataMapperAssembly.swift */,
				D475BFF42A152DA10057422D /* PersistentCoreDataStoreAssembly.swift */,
				D475BFF62A152DA10057422D /* DataProviderAssembly.swift */,
				D49B945E2A23A3310000BFBF /* LocalizationAssembly.swift */,
				D42FF51E2A32036100036D83 /* UserSessionAssembly.swift */,
				D4CEC2B62A363A0F00AFABF9 /* NavigationCoordinatorAssembly.swift */,
			);
			path = Assemblies;
			sourceTree = "<group>";
		};
		D475BFFC2A152EC80057422D /* Resources */ = {
			isa = PBXGroup;
			children = (
				D43599CD2A1C06950057AF7B /* Strings */,
				D43599C72A1C04470057AF7B /* Assets */,
			);
			path = Resources;
			sourceTree = "<group>";
		};
		D475BFFD2A152F070057422D /* Presentation */ = {
			isa = PBXGroup;
			children = (
				D475BFFF2A152F1D0057422D /* UI */,
				D475BFFE2A152F150057422D /* Navigation */,
			);
			path = Presentation;
			sourceTree = "<group>";
		};
		D475BFFE2A152F150057422D /* Navigation */ = {
			isa = PBXGroup;
			children = (
				D42ACF0E2A2334C200A23031 /* Authorisation */,
				D42ACF0B2A227EDA00A23031 /* Payments */,
				D4B936132A1BC64C00A39414 /* Overview */,
				D4B936102A1BC44500A39414 /* Root */,
				D475C00A2A1531C40057422D /* AppCoordinator.swift */,
			);
			path = Navigation;
			sourceTree = "<group>";
		};
		D475BFFF2A152F1D0057422D /* UI */ = {
			isa = PBXGroup;
			children = (
				D475C0002A152F400057422D /* Components */,
				D475C0012A152F440057422D /* Screens */,
			);
			path = UI;
			sourceTree = "<group>";
		};
		D475C0002A152F400057422D /* Components */ = {
			isa = PBXGroup;
			children = (
				D42ACF112A2345EA00A23031 /* Views */,
				D42ACF012A22663800A23031 /* Button */,
			);
			path = Components;
			sourceTree = "<group>";
		};
		D475C0012A152F440057422D /* Screens */ = {
			isa = PBXGroup;
			children = (
				D42FF5592A35B39600036D83 /* Login */,
				D4B1BFA82A23590C0028A39D /* LanguageSelectionBottomSheet */,
				D42ACEFE2A22657A00A23031 /* LockedTab */,
			);
			path = Screens;
			sourceTree = "<group>";
		};
		D475C0022A152F500057422D /* Infrastructure */ = {
			isa = PBXGroup;
			children = (
				D4B1BFA52A2353950028A39D /* Utils */,
				D475C0032A152FC00057422D /* Data */,
			);
			path = Infrastructure;
			sourceTree = "<group>";
		};
		D475C0032A152FC00057422D /* Data */ = {
			isa = PBXGroup;
			children = (
				D42FF5352A32F38300036D83 /* Domain */,
				D475C0042A152FC60057422D /* Store */,
			);
			path = Data;
			sourceTree = "<group>";
		};
		D475C0042A152FC60057422D /* Store */ = {
			isa = PBXGroup;
			children = (
				D475C0052A152FCD0057422D /* CoreData */,
			);
			path = Store;
			sourceTree = "<group>";
		};
		D475C0052A152FCD0057422D /* CoreData */ = {
			isa = PBXGroup;
			children = (
				D475BFAF2A152C020057422D /* Swedbank_Clone.xcdatamodeld */,
			);
			path = CoreData;
			sourceTree = "<group>";
		};
		D475C0062A1530050057422D /* Person */ = {
			isa = PBXGroup;
			children = (
				D475C0082A1530300057422D /* Person.swift */,
			);
			path = Person;
			sourceTree = "<group>";
		};
		D49B945B2A23A1160000BFBF /* Frameworks */ = {
			isa = PBXGroup;
			children = (
			);
			name = Frameworks;
			sourceTree = "<group>";
		};
		D4B1BFA52A2353950028A39D /* Utils */ = {
			isa = PBXGroup;
			children = (
				D4B1BFA62A2353A00028A39D /* Globals.swift */,
			);
			path = Utils;
			sourceTree = "<group>";
		};
		D4B1BFA82A23590C0028A39D /* LanguageSelectionBottomSheet */ = {
			isa = PBXGroup;
			children = (
				D4B1BFA92A23594E0028A39D /* LanguageSelectionScreenBottomSheetView.swift */,
				D4B1BFAB2A2359930028A39D /* LanguageSelectionScreenBottomSheetCommon.swift */,
				D4B1BFAD2A2359A00028A39D /* LanguageSelectionScreenBottomSheetVMimpl.swift */,
			);
			path = LanguageSelectionBottomSheet;
			sourceTree = "<group>";
		};
		D4B936102A1BC44500A39414 /* Root */ = {
			isa = PBXGroup;
			children = (
				D4B936112A1BC45100A39414 /* TabBarCoordinator.swift */,
				D43599C02A1BD2750057AF7B /* AppTabBarController.swift */,
			);
			path = Root;
			sourceTree = "<group>";
		};
		D4B936132A1BC64C00A39414 /* Overview */ = {
			isa = PBXGroup;
			children = (
				D4B936142A1BC65D00A39414 /* OverviewCoordinator.swift */,
			);
			path = Overview;
			sourceTree = "<group>";
		};
/* End PBXGroup section */

/* Begin PBXNativeTarget section */
		D475BFA22A152C020057422D /* Swedbank-Clone */ = {
			isa = PBXNativeTarget;
			buildConfigurationList = D475BFD02A152C030057422D /* Build configuration list for PBXNativeTarget "Swedbank-Clone" */;
			buildPhases = (
				D475BF9F2A152C020057422D /* Sources */,
				D475BFA02A152C020057422D /* Frameworks */,
				D475BFA12A152C020057422D /* Resources */,
				D4B936162A1BC87B00A39414 /* Swift lint */,
			);
			buildRules = (
			);
			dependencies = (
			);
			name = "Swedbank-Clone";
			packageProductDependencies = (
				D475BFE42A152D0E0057422D /* DevToolsCore */,
				D475BFE62A152D0E0057422D /* DevToolsCoreData */,
				D475BFE82A152D0E0057422D /* DevToolsNavigation */,
				D475BFEA2A152D0E0057422D /* DevToolsNetworking */,
				D475BFEC2A152D0E0057422D /* DevToolsUI */,
				D475BFEF2A152D620057422D /* Swinject */,
				D49B945C2A23A1160000BFBF /* DevToolsLocalization */,
				D42FF52C2A32442700036D83 /* KeychainAccess */,
			);
			productName = "Swedbank-Clone";
			productReference = D475BFA32A152C020057422D /* Swedbank-Clone.app */;
			productType = "com.apple.product-type.application";
		};
		D475BFBB2A152C030057422D /* Swedbank-CloneTests */ = {
			isa = PBXNativeTarget;
			buildConfigurationList = D475BFD32A152C030057422D /* Build configuration list for PBXNativeTarget "Swedbank-CloneTests" */;
			buildPhases = (
				D475BFB82A152C030057422D /* Sources */,
				D475BFB92A152C030057422D /* Frameworks */,
				D475BFBA2A152C030057422D /* Resources */,
			);
			buildRules = (
			);
			dependencies = (
				D475BFBE2A152C030057422D /* PBXTargetDependency */,
			);
			name = "Swedbank-CloneTests";
			productName = "Swedbank-CloneTests";
			productReference = D475BFBC2A152C030057422D /* Swedbank-CloneTests.xctest */;
			productType = "com.apple.product-type.bundle.unit-test";
		};
		D475BFC52A152C030057422D /* Swedbank-CloneUITests */ = {
			isa = PBXNativeTarget;
			buildConfigurationList = D475BFD62A152C030057422D /* Build configuration list for PBXNativeTarget "Swedbank-CloneUITests" */;
			buildPhases = (
				D475BFC22A152C030057422D /* Sources */,
				D475BFC32A152C030057422D /* Frameworks */,
				D475BFC42A152C030057422D /* Resources */,
			);
			buildRules = (
			);
			dependencies = (
				D475BFC82A152C030057422D /* PBXTargetDependency */,
			);
			name = "Swedbank-CloneUITests";
			productName = "Swedbank-CloneUITests";
			productReference = D475BFC62A152C030057422D /* Swedbank-CloneUITests.xctest */;
			productType = "com.apple.product-type.bundle.ui-testing";
		};
/* End PBXNativeTarget section */

/* Begin PBXProject section */
		D475BF9B2A152C020057422D /* Project object */ = {
			isa = PBXProject;
			attributes = {
				BuildIndependentTargetsInParallel = 1;
				LastSwiftUpdateCheck = 1420;
				LastUpgradeCheck = 1420;
				TargetAttributes = {
					D475BFA22A152C020057422D = {
						CreatedOnToolsVersion = 14.2;
					};
					D475BFBB2A152C030057422D = {
						CreatedOnToolsVersion = 14.2;
						TestTargetID = D475BFA22A152C020057422D;
					};
					D475BFC52A152C030057422D = {
						CreatedOnToolsVersion = 14.2;
						TestTargetID = D475BFA22A152C020057422D;
					};
				};
			};
			buildConfigurationList = D475BF9E2A152C020057422D /* Build configuration list for PBXProject "Swedbank-Clone" */;
			compatibilityVersion = "Xcode 14.0";
			developmentRegion = en;
			hasScannedForEncodings = 0;
			knownRegions = (
				en,
				lv,
			);
			mainGroup = D475BF9A2A152C020057422D;
			packageReferences = (
				D475BFE32A152D0E0057422D /* XCRemoteSwiftPackageReference "DevTools-Swift" */,
				D475BFEE2A152D620057422D /* XCRemoteSwiftPackageReference "Swinject" */,
				D42FF52B2A32442700036D83 /* XCRemoteSwiftPackageReference "KeychainAccess" */,
			);
			productRefGroup = D475BFA42A152C020057422D /* Products */;
			projectDirPath = "";
			projectRoot = "";
			targets = (
				D475BFA22A152C020057422D /* Swedbank-Clone */,
				D475BFBB2A152C030057422D /* Swedbank-CloneTests */,
				D475BFC52A152C030057422D /* Swedbank-CloneUITests */,
			);
		};
/* End PBXProject section */

/* Begin PBXResourcesBuildPhase section */
		D475BFA12A152C020057422D /* Resources */ = {
			isa = PBXResourcesBuildPhase;
			buildActionMask = 2147483647;
			files = (
				D43599C32A1BD95E0057AF7B /* Colors.xcassets in Resources */,
				D42FF5622A35BED900036D83 /* LoginScreenVC.storyboard in Resources */,
				D43599CA2A1C04830057AF7B /* Localizable.strings in Resources */,
				D475BFB32A152C030057422D /* Images.xcassets in Resources */,
			);
			runOnlyForDeploymentPostprocessing = 0;
		};
		D475BFBA2A152C030057422D /* Resources */ = {
			isa = PBXResourcesBuildPhase;
			buildActionMask = 2147483647;
			files = (
			);
			runOnlyForDeploymentPostprocessing = 0;
		};
		D475BFC42A152C030057422D /* Resources */ = {
			isa = PBXResourcesBuildPhase;
			buildActionMask = 2147483647;
			files = (
			);
			runOnlyForDeploymentPostprocessing = 0;
		};
/* End PBXResourcesBuildPhase section */

/* Begin PBXShellScriptBuildPhase section */
		D4B936162A1BC87B00A39414 /* Swift lint */ = {
			isa = PBXShellScriptBuildPhase;
			buildActionMask = 2147483647;
			files = (
			);
			inputFileListPaths = (
			);
			inputPaths = (
			);
			name = "Swift lint";
			outputFileListPaths = (
			);
			outputPaths = (
			);
			runOnlyForDeploymentPostprocessing = 0;
			shellPath = /bin/sh;
			shellScript = "exit 0\nif [[ \"$(uname -m)\" == arm64 ]]; then\n    export PATH=\"/opt/homebrew/bin:$PATH\"\nfi\n\nif which swiftlint > /dev/null; then\n  swiftlint\nelse\n  echo \"warning: SwiftLint not installed, download from https://github.com/realm/SwiftLint\"\nfi\n";
		};
/* End PBXShellScriptBuildPhase section */

/* Begin PBXSourcesBuildPhase section */
		D475BF9F2A152C020057422D /* Sources */ = {
			isa = PBXSourcesBuildPhase;
			buildActionMask = 2147483647;
			files = (
				D4B1BFA72A2353A00028A39D /* Globals.swift in Sources */,
				D42FF55E2A35B67600036D83 /* LoginScreenVMImpl.swift in Sources */,
				D42ACF0D2A227EEB00A23031 /* PaymentsCoordinator.swift in Sources */,
				D475BFF92A152DA10057422D /* PersistentCoreDataStoreAssembly.swift in Sources */,
				D475C0092A1530300057422D /* Person.swift in Sources */,
				D42FF5462A33859B00036D83 /* UserSessionFactoryImpl.swift in Sources */,
				D42FF5602A35B8F200036D83 /* LoginScreenVC.swift in Sources */,
				D42FF5312A3244F100036D83 /* KeychainConstants.swift in Sources */,
				D42FF5282A320FAD00036D83 /* SwedbankUserSessionCredentials.swift in Sources */,
				D475C00B2A1531C40057422D /* AppCoordinator.swift in Sources */,
				D475BFF72A152DA10057422D /* RepositoryAssembly.swift in Sources */,
				D4B936122A1BC45100A39414 /* TabBarCoordinator.swift in Sources */,
				D42FF52A2A323D9600036D83 /* UserSessionCredentialsStoreImpl.swift in Sources */,
				D475BFF82A152DA10057422D /* DataMapperAssembly.swift in Sources */,
				D42FF54F2A34409400036D83 /* DevelopmentConstants.swift in Sources */,
				D475BFA72A152C020057422D /* AppDelegate.swift in Sources */,
				D42FF51F2A32036100036D83 /* UserSessionAssembly.swift in Sources */,
				D49B945F2A23A3310000BFBF /* LocalizationAssembly.swift in Sources */,
				D475BFFB2A152DA10057422D /* DataProviderAssembly.swift in Sources */,
				D42FF5262A320F9700036D83 /* UserSessionImpl.swift in Sources */,
				D42ACF042A22667600A23031 /* LoginButtonView.swift in Sources */,
				D42ACF002A22661A00A23031 /* LockedTabScreenView.swift in Sources */,
				D42FF54D2A34405000036D83 /* AuthCredentialsProviderImpl.swift in Sources */,
				D475BFDD2A152C310057422D /* DependencyProvider.swift in Sources */,
				D42FF5242A320DAB00036D83 /* UserSessionManagerImpl.swift in Sources */,
				D42FF5482A343E5F00036D83 /* AuthCredentialsProvider.swift in Sources */,
				D42ACF142A23462800A23031 /* LanguageDropdownView.swift in Sources */,
				D43599CF2A1C07570057AF7B /* Strings+Generated.swift in Sources */,
				D475BFB12A152C020057422D /* Swedbank_Clone.xcdatamodeld in Sources */,
				D42ACF102A2334DA00A23031 /* AuthorisationCoordinator.swift in Sources */,
				D43599C62A1BDEF50057AF7B /* XCAssets+Generated.swift in Sources */,
				D42ACF082A226E5E00A23031 /* LockedTabScreenCommon.swift in Sources */,
				D4B1BFAC2A2359930028A39D /* LanguageSelectionScreenBottomSheetCommon.swift in Sources */,
				D4B1BFAE2A2359A00028A39D /* LanguageSelectionScreenBottomSheetVMimpl.swift in Sources */,
				D4B1BFAA2A23594E0028A39D /* LanguageSelectionScreenBottomSheetView.swift in Sources */,
				D42ACF0A2A22787800A23031 /* LockedTabScreenVMImpl.swift in Sources */,
				D43599C12A1BD2750057AF7B /* AppTabBarController.swift in Sources */,
				D4CEC2B72A363A0F00AFABF9 /* NavigationCoordinatorAssembly.swift in Sources */,
				D42FF55C2A35B3C600036D83 /* LoginScreenCommon.swift in Sources */,
				D475BFA92A152C020057422D /* SceneDelegate.swift in Sources */,
				D42ACF062A2269B800A23031 /* LoginButtonStyle.swift in Sources */,
				D4B936152A1BC65D00A39414 /* OverviewCoordinator.swift in Sources */,
			);
			runOnlyForDeploymentPostprocessing = 0;
		};
		D475BFB82A152C030057422D /* Sources */ = {
			isa = PBXSourcesBuildPhase;
			buildActionMask = 2147483647;
			files = (
				D42FF5442A3301C100036D83 /* UserSessionManagerTests.swift in Sources */,
			);
			runOnlyForDeploymentPostprocessing = 0;
		};
		D475BFC22A152C030057422D /* Sources */ = {
			isa = PBXSourcesBuildPhase;
			buildActionMask = 2147483647;
			files = (
				D475BFCB2A152C030057422D /* SwedbankCloneUITests.swift in Sources */,
				D475BFCD2A152C030057422D /* SwedbankCloneUITestsLaunchTests.swift in Sources */,
			);
			runOnlyForDeploymentPostprocessing = 0;
		};
/* End PBXSourcesBuildPhase section */

/* Begin PBXTargetDependency section */
		D475BFBE2A152C030057422D /* PBXTargetDependency */ = {
			isa = PBXTargetDependency;
			target = D475BFA22A152C020057422D /* Swedbank-Clone */;
			targetProxy = D475BFBD2A152C030057422D /* PBXContainerItemProxy */;
		};
		D475BFC82A152C030057422D /* PBXTargetDependency */ = {
			isa = PBXTargetDependency;
			target = D475BFA22A152C020057422D /* Swedbank-Clone */;
			targetProxy = D475BFC72A152C030057422D /* PBXContainerItemProxy */;
		};
/* End PBXTargetDependency section */

/* Begin PBXVariantGroup section */
		D43599CC2A1C04830057AF7B /* Localizable.strings */ = {
			isa = PBXVariantGroup;
			children = (
				D43599CB2A1C04830057AF7B /* en */,
				D43599D22A1C0E020057AF7B /* lv */,
			);
			name = Localizable.strings;
			sourceTree = "<group>";
		};
/* End PBXVariantGroup section */

/* Begin XCBuildConfiguration section */
		D475BFCE2A152C030057422D /* Debug */ = {
			isa = XCBuildConfiguration;
			buildSettings = {
				ALWAYS_SEARCH_USER_PATHS = NO;
				CLANG_ANALYZER_LOCALIZABILITY_NONLOCALIZED = YES;
				CLANG_ANALYZER_NONNULL = YES;
				CLANG_ANALYZER_NUMBER_OBJECT_CONVERSION = YES_AGGRESSIVE;
				CLANG_CXX_LANGUAGE_STANDARD = "gnu++20";
				CLANG_ENABLE_MODULES = YES;
				CLANG_ENABLE_OBJC_ARC = YES;
				CLANG_ENABLE_OBJC_WEAK = YES;
				CLANG_WARN_BLOCK_CAPTURE_AUTORELEASING = YES;
				CLANG_WARN_BOOL_CONVERSION = YES;
				CLANG_WARN_COMMA = YES;
				CLANG_WARN_CONSTANT_CONVERSION = YES;
				CLANG_WARN_DEPRECATED_OBJC_IMPLEMENTATIONS = YES;
				CLANG_WARN_DIRECT_OBJC_ISA_USAGE = YES_ERROR;
				CLANG_WARN_DOCUMENTATION_COMMENTS = YES;
				CLANG_WARN_EMPTY_BODY = YES;
				CLANG_WARN_ENUM_CONVERSION = YES;
				CLANG_WARN_INFINITE_RECURSION = YES;
				CLANG_WARN_INT_CONVERSION = YES;
				CLANG_WARN_NON_LITERAL_NULL_CONVERSION = YES;
				CLANG_WARN_OBJC_IMPLICIT_RETAIN_SELF = YES;
				CLANG_WARN_OBJC_LITERAL_CONVERSION = YES;
				CLANG_WARN_OBJC_ROOT_CLASS = YES_ERROR;
				CLANG_WARN_QUOTED_INCLUDE_IN_FRAMEWORK_HEADER = YES;
				CLANG_WARN_RANGE_LOOP_ANALYSIS = YES;
				CLANG_WARN_STRICT_PROTOTYPES = YES;
				CLANG_WARN_SUSPICIOUS_MOVE = YES;
				CLANG_WARN_UNGUARDED_AVAILABILITY = YES_AGGRESSIVE;
				CLANG_WARN_UNREACHABLE_CODE = YES;
				CLANG_WARN__DUPLICATE_METHOD_MATCH = YES;
				COPY_PHASE_STRIP = NO;
				DEBUG_INFORMATION_FORMAT = dwarf;
				ENABLE_STRICT_OBJC_MSGSEND = YES;
				ENABLE_TESTABILITY = YES;
				GCC_C_LANGUAGE_STANDARD = gnu11;
				GCC_DYNAMIC_NO_PIC = NO;
				GCC_NO_COMMON_BLOCKS = YES;
				GCC_OPTIMIZATION_LEVEL = 0;
				GCC_PREPROCESSOR_DEFINITIONS = (
					"DEBUG=1",
					"$(inherited)",
				);
				GCC_WARN_64_TO_32_BIT_CONVERSION = YES;
				GCC_WARN_ABOUT_RETURN_TYPE = YES_ERROR;
				GCC_WARN_UNDECLARED_SELECTOR = YES;
				GCC_WARN_UNINITIALIZED_AUTOS = YES_AGGRESSIVE;
				GCC_WARN_UNUSED_FUNCTION = YES;
				GCC_WARN_UNUSED_VARIABLE = YES;
				IPHONEOS_DEPLOYMENT_TARGET = 16.2;
				MTL_ENABLE_DEBUG_INFO = INCLUDE_SOURCE;
				MTL_FAST_MATH = YES;
				ONLY_ACTIVE_ARCH = YES;
				SDKROOT = iphoneos;
				SWIFT_ACTIVE_COMPILATION_CONDITIONS = DEBUG;
				SWIFT_OPTIMIZATION_LEVEL = "-Onone";
			};
			name = Debug;
		};
		D475BFCF2A152C030057422D /* Release */ = {
			isa = XCBuildConfiguration;
			buildSettings = {
				ALWAYS_SEARCH_USER_PATHS = NO;
				CLANG_ANALYZER_LOCALIZABILITY_NONLOCALIZED = YES;
				CLANG_ANALYZER_NONNULL = YES;
				CLANG_ANALYZER_NUMBER_OBJECT_CONVERSION = YES_AGGRESSIVE;
				CLANG_CXX_LANGUAGE_STANDARD = "gnu++20";
				CLANG_ENABLE_MODULES = YES;
				CLANG_ENABLE_OBJC_ARC = YES;
				CLANG_ENABLE_OBJC_WEAK = YES;
				CLANG_WARN_BLOCK_CAPTURE_AUTORELEASING = YES;
				CLANG_WARN_BOOL_CONVERSION = YES;
				CLANG_WARN_COMMA = YES;
				CLANG_WARN_CONSTANT_CONVERSION = YES;
				CLANG_WARN_DEPRECATED_OBJC_IMPLEMENTATIONS = YES;
				CLANG_WARN_DIRECT_OBJC_ISA_USAGE = YES_ERROR;
				CLANG_WARN_DOCUMENTATION_COMMENTS = YES;
				CLANG_WARN_EMPTY_BODY = YES;
				CLANG_WARN_ENUM_CONVERSION = YES;
				CLANG_WARN_INFINITE_RECURSION = YES;
				CLANG_WARN_INT_CONVERSION = YES;
				CLANG_WARN_NON_LITERAL_NULL_CONVERSION = YES;
				CLANG_WARN_OBJC_IMPLICIT_RETAIN_SELF = YES;
				CLANG_WARN_OBJC_LITERAL_CONVERSION = YES;
				CLANG_WARN_OBJC_ROOT_CLASS = YES_ERROR;
				CLANG_WARN_QUOTED_INCLUDE_IN_FRAMEWORK_HEADER = YES;
				CLANG_WARN_RANGE_LOOP_ANALYSIS = YES;
				CLANG_WARN_STRICT_PROTOTYPES = YES;
				CLANG_WARN_SUSPICIOUS_MOVE = YES;
				CLANG_WARN_UNGUARDED_AVAILABILITY = YES_AGGRESSIVE;
				CLANG_WARN_UNREACHABLE_CODE = YES;
				CLANG_WARN__DUPLICATE_METHOD_MATCH = YES;
				COPY_PHASE_STRIP = NO;
				DEBUG_INFORMATION_FORMAT = "dwarf-with-dsym";
				ENABLE_NS_ASSERTIONS = NO;
				ENABLE_STRICT_OBJC_MSGSEND = YES;
				GCC_C_LANGUAGE_STANDARD = gnu11;
				GCC_NO_COMMON_BLOCKS = YES;
				GCC_WARN_64_TO_32_BIT_CONVERSION = YES;
				GCC_WARN_ABOUT_RETURN_TYPE = YES_ERROR;
				GCC_WARN_UNDECLARED_SELECTOR = YES;
				GCC_WARN_UNINITIALIZED_AUTOS = YES_AGGRESSIVE;
				GCC_WARN_UNUSED_FUNCTION = YES;
				GCC_WARN_UNUSED_VARIABLE = YES;
				IPHONEOS_DEPLOYMENT_TARGET = 16.2;
				MTL_ENABLE_DEBUG_INFO = NO;
				MTL_FAST_MATH = YES;
				SDKROOT = iphoneos;
				SWIFT_COMPILATION_MODE = wholemodule;
				SWIFT_OPTIMIZATION_LEVEL = "-O";
				VALIDATE_PRODUCT = YES;
			};
			name = Release;
		};
		D475BFD12A152C030057422D /* Debug */ = {
			isa = XCBuildConfiguration;
			buildSettings = {
				ASSETCATALOG_COMPILER_APPICON_NAME = AppIcon;
				ASSETCATALOG_COMPILER_GLOBAL_ACCENT_COLOR_NAME = AccentColor;
				CODE_SIGN_STYLE = Automatic;
				CURRENT_PROJECT_VERSION = 1;
				DEVELOPMENT_TEAM = PA272Y5JK8;
				GENERATE_INFOPLIST_FILE = YES;
				INFOPLIST_FILE = "Swedbank-Clone/Info.plist";
				INFOPLIST_KEY_UIApplicationSupportsIndirectInputEvents = YES;
				INFOPLIST_KEY_UILaunchStoryboardName = LaunchScreen;
				INFOPLIST_KEY_UISupportedInterfaceOrientations_iPad = "UIInterfaceOrientationPortrait UIInterfaceOrientationPortraitUpsideDown UIInterfaceOrientationLandscapeLeft UIInterfaceOrientationLandscapeRight";
				INFOPLIST_KEY_UISupportedInterfaceOrientations_iPhone = "UIInterfaceOrientationPortrait UIInterfaceOrientationLandscapeLeft UIInterfaceOrientationLandscapeRight";
				LD_RUNPATH_SEARCH_PATHS = (
					"$(inherited)",
					"@executable_path/Frameworks",
				);
				MARKETING_VERSION = 1.0;
				PRODUCT_BUNDLE_IDENTIFIER = "com.hardijs.Swedbank-Clone";
				PRODUCT_NAME = "$(TARGET_NAME)";
				SUPPORTED_PLATFORMS = "iphoneos iphonesimulator";
				SUPPORTS_MACCATALYST = NO;
				SUPPORTS_MAC_DESIGNED_FOR_IPHONE_IPAD = NO;
				SWIFT_EMIT_LOC_STRINGS = YES;
				SWIFT_VERSION = 5.0;
				TARGETED_DEVICE_FAMILY = 1;
			};
			name = Debug;
		};
		D475BFD22A152C030057422D /* Release */ = {
			isa = XCBuildConfiguration;
			buildSettings = {
				ASSETCATALOG_COMPILER_APPICON_NAME = AppIcon;
				ASSETCATALOG_COMPILER_GLOBAL_ACCENT_COLOR_NAME = AccentColor;
				CODE_SIGN_STYLE = Automatic;
				CURRENT_PROJECT_VERSION = 1;
				DEVELOPMENT_TEAM = PA272Y5JK8;
				GENERATE_INFOPLIST_FILE = YES;
				INFOPLIST_FILE = "Swedbank-Clone/Info.plist";
				INFOPLIST_KEY_UIApplicationSupportsIndirectInputEvents = YES;
				INFOPLIST_KEY_UILaunchStoryboardName = LaunchScreen;
				INFOPLIST_KEY_UISupportedInterfaceOrientations_iPad = "UIInterfaceOrientationPortrait UIInterfaceOrientationPortraitUpsideDown UIInterfaceOrientationLandscapeLeft UIInterfaceOrientationLandscapeRight";
				INFOPLIST_KEY_UISupportedInterfaceOrientations_iPhone = "UIInterfaceOrientationPortrait UIInterfaceOrientationLandscapeLeft UIInterfaceOrientationLandscapeRight";
				LD_RUNPATH_SEARCH_PATHS = (
					"$(inherited)",
					"@executable_path/Frameworks",
				);
				MARKETING_VERSION = 1.0;
				PRODUCT_BUNDLE_IDENTIFIER = "com.hardijs.Swedbank-Clone";
				PRODUCT_NAME = "$(TARGET_NAME)";
				SUPPORTED_PLATFORMS = "iphoneos iphonesimulator";
				SUPPORTS_MACCATALYST = NO;
				SUPPORTS_MAC_DESIGNED_FOR_IPHONE_IPAD = NO;
				SWIFT_EMIT_LOC_STRINGS = YES;
				SWIFT_VERSION = 5.0;
				TARGETED_DEVICE_FAMILY = 1;
			};
			name = Release;
		};
		D475BFD42A152C030057422D /* Debug */ = {
			isa = XCBuildConfiguration;
			buildSettings = {
				ALWAYS_EMBED_SWIFT_STANDARD_LIBRARIES = YES;
				BUNDLE_LOADER = "$(TEST_HOST)";
				CODE_SIGN_STYLE = Automatic;
				CURRENT_PROJECT_VERSION = 1;
				DEVELOPMENT_TEAM = PA272Y5JK8;
				GENERATE_INFOPLIST_FILE = YES;
				IPHONEOS_DEPLOYMENT_TARGET = 16.2;
				MARKETING_VERSION = 1.0;
				PRODUCT_BUNDLE_IDENTIFIER = "com.hardijs.Swedbank-CloneTests";
				PRODUCT_NAME = "$(TARGET_NAME)";
				SWIFT_EMIT_LOC_STRINGS = NO;
				SWIFT_VERSION = 5.0;
				TARGETED_DEVICE_FAMILY = "1,2";
				TEST_HOST = "$(BUILT_PRODUCTS_DIR)/Swedbank-Clone.app/$(BUNDLE_EXECUTABLE_FOLDER_PATH)/Swedbank-Clone";
			};
			name = Debug;
		};
		D475BFD52A152C030057422D /* Release */ = {
			isa = XCBuildConfiguration;
			buildSettings = {
				ALWAYS_EMBED_SWIFT_STANDARD_LIBRARIES = YES;
				BUNDLE_LOADER = "$(TEST_HOST)";
				CODE_SIGN_STYLE = Automatic;
				CURRENT_PROJECT_VERSION = 1;
				DEVELOPMENT_TEAM = PA272Y5JK8;
				GENERATE_INFOPLIST_FILE = YES;
				IPHONEOS_DEPLOYMENT_TARGET = 16.2;
				MARKETING_VERSION = 1.0;
				PRODUCT_BUNDLE_IDENTIFIER = "com.hardijs.Swedbank-CloneTests";
				PRODUCT_NAME = "$(TARGET_NAME)";
				SWIFT_EMIT_LOC_STRINGS = NO;
				SWIFT_VERSION = 5.0;
				TARGETED_DEVICE_FAMILY = "1,2";
				TEST_HOST = "$(BUILT_PRODUCTS_DIR)/Swedbank-Clone.app/$(BUNDLE_EXECUTABLE_FOLDER_PATH)/Swedbank-Clone";
			};
			name = Release;
		};
		D475BFD72A152C030057422D /* Debug */ = {
			isa = XCBuildConfiguration;
			buildSettings = {
				ALWAYS_EMBED_SWIFT_STANDARD_LIBRARIES = YES;
				CODE_SIGN_STYLE = Automatic;
				CURRENT_PROJECT_VERSION = 1;
				DEVELOPMENT_TEAM = PA272Y5JK8;
				GENERATE_INFOPLIST_FILE = YES;
				MARKETING_VERSION = 1.0;
				PRODUCT_BUNDLE_IDENTIFIER = "com.hardijs.Swedbank-CloneUITests";
				PRODUCT_NAME = "$(TARGET_NAME)";
				SWIFT_EMIT_LOC_STRINGS = NO;
				SWIFT_VERSION = 5.0;
				TARGETED_DEVICE_FAMILY = "1,2";
				TEST_TARGET_NAME = "Swedbank-Clone";
			};
			name = Debug;
		};
		D475BFD82A152C030057422D /* Release */ = {
			isa = XCBuildConfiguration;
			buildSettings = {
				ALWAYS_EMBED_SWIFT_STANDARD_LIBRARIES = YES;
				CODE_SIGN_STYLE = Automatic;
				CURRENT_PROJECT_VERSION = 1;
				DEVELOPMENT_TEAM = PA272Y5JK8;
				GENERATE_INFOPLIST_FILE = YES;
				MARKETING_VERSION = 1.0;
				PRODUCT_BUNDLE_IDENTIFIER = "com.hardijs.Swedbank-CloneUITests";
				PRODUCT_NAME = "$(TARGET_NAME)";
				SWIFT_EMIT_LOC_STRINGS = NO;
				SWIFT_VERSION = 5.0;
				TARGETED_DEVICE_FAMILY = "1,2";
				TEST_TARGET_NAME = "Swedbank-Clone";
			};
			name = Release;
		};
/* End XCBuildConfiguration section */

/* Begin XCConfigurationList section */
		D475BF9E2A152C020057422D /* Build configuration list for PBXProject "Swedbank-Clone" */ = {
			isa = XCConfigurationList;
			buildConfigurations = (
				D475BFCE2A152C030057422D /* Debug */,
				D475BFCF2A152C030057422D /* Release */,
			);
			defaultConfigurationIsVisible = 0;
			defaultConfigurationName = Release;
		};
		D475BFD02A152C030057422D /* Build configuration list for PBXNativeTarget "Swedbank-Clone" */ = {
			isa = XCConfigurationList;
			buildConfigurations = (
				D475BFD12A152C030057422D /* Debug */,
				D475BFD22A152C030057422D /* Release */,
			);
			defaultConfigurationIsVisible = 0;
			defaultConfigurationName = Release;
		};
		D475BFD32A152C030057422D /* Build configuration list for PBXNativeTarget "Swedbank-CloneTests" */ = {
			isa = XCConfigurationList;
			buildConfigurations = (
				D475BFD42A152C030057422D /* Debug */,
				D475BFD52A152C030057422D /* Release */,
			);
			defaultConfigurationIsVisible = 0;
			defaultConfigurationName = Release;
		};
		D475BFD62A152C030057422D /* Build configuration list for PBXNativeTarget "Swedbank-CloneUITests" */ = {
			isa = XCConfigurationList;
			buildConfigurations = (
				D475BFD72A152C030057422D /* Debug */,
				D475BFD82A152C030057422D /* Release */,
			);
			defaultConfigurationIsVisible = 0;
			defaultConfigurationName = Release;
		};
/* End XCConfigurationList section */

/* Begin XCRemoteSwiftPackageReference section */
		D42FF52B2A32442700036D83 /* XCRemoteSwiftPackageReference "KeychainAccess" */ = {
			isa = XCRemoteSwiftPackageReference;
			repositoryURL = "git@github.com:kishikawakatsumi/KeychainAccess.git";
			requirement = {
				kind = upToNextMajorVersion;
				minimumVersion = 4.2.2;
			};
		};
		D475BFE32A152D0E0057422D /* XCRemoteSwiftPackageReference "DevTools-Swift" */ = {
			isa = XCRemoteSwiftPackageReference;
			repositoryURL = "https://github.com/hk14004/DevTools-Swift";
			requirement = {
				branch = dev;
				kind = branch;
			};
		};
		D475BFEE2A152D620057422D /* XCRemoteSwiftPackageReference "Swinject" */ = {
			isa = XCRemoteSwiftPackageReference;
			repositoryURL = "https://github.com/Swinject/Swinject";
			requirement = {
				kind = upToNextMajorVersion;
				minimumVersion = 2.0.0;
			};
		};
/* End XCRemoteSwiftPackageReference section */

/* Begin XCSwiftPackageProductDependency section */
		D42FF52C2A32442700036D83 /* KeychainAccess */ = {
			isa = XCSwiftPackageProductDependency;
			package = D42FF52B2A32442700036D83 /* XCRemoteSwiftPackageReference "KeychainAccess" */;
			productName = KeychainAccess;
		};
		D475BFE42A152D0E0057422D /* DevToolsCore */ = {
			isa = XCSwiftPackageProductDependency;
			package = D475BFE32A152D0E0057422D /* XCRemoteSwiftPackageReference "DevTools-Swift" */;
			productName = DevToolsCore;
		};
		D475BFE62A152D0E0057422D /* DevToolsCoreData */ = {
			isa = XCSwiftPackageProductDependency;
			package = D475BFE32A152D0E0057422D /* XCRemoteSwiftPackageReference "DevTools-Swift" */;
			productName = DevToolsCoreData;
		};
		D475BFE82A152D0E0057422D /* DevToolsNavigation */ = {
			isa = XCSwiftPackageProductDependency;
			package = D475BFE32A152D0E0057422D /* XCRemoteSwiftPackageReference "DevTools-Swift" */;
			productName = DevToolsNavigation;
		};
		D475BFEA2A152D0E0057422D /* DevToolsNetworking */ = {
			isa = XCSwiftPackageProductDependency;
			package = D475BFE32A152D0E0057422D /* XCRemoteSwiftPackageReference "DevTools-Swift" */;
			productName = DevToolsNetworking;
		};
		D475BFEC2A152D0E0057422D /* DevToolsUI */ = {
			isa = XCSwiftPackageProductDependency;
			package = D475BFE32A152D0E0057422D /* XCRemoteSwiftPackageReference "DevTools-Swift" */;
			productName = DevToolsUI;
		};
		D475BFEF2A152D620057422D /* Swinject */ = {
			isa = XCSwiftPackageProductDependency;
			package = D475BFEE2A152D620057422D /* XCRemoteSwiftPackageReference "Swinject" */;
			productName = Swinject;
		};
		D49B945C2A23A1160000BFBF /* DevToolsLocalization */ = {
			isa = XCSwiftPackageProductDependency;
			package = D475BFE32A152D0E0057422D /* XCRemoteSwiftPackageReference "DevTools-Swift" */;
			productName = DevToolsLocalization;
		};
/* End XCSwiftPackageProductDependency section */

/* Begin XCVersionGroup section */
		D475BFAF2A152C020057422D /* Swedbank_Clone.xcdatamodeld */ = {
			isa = XCVersionGroup;
			children = (
				D475BFB02A152C020057422D /* Swedbank_Clone.xcdatamodel */,
			);
			currentVersion = D475BFB02A152C020057422D /* Swedbank_Clone.xcdatamodel */;
			path = Swedbank_Clone.xcdatamodeld;
			sourceTree = "<group>";
			versionGroupType = wrapper.xcdatamodel;
		};
/* End XCVersionGroup section */
	};
	rootObject = D475BF9B2A152C020057422D /* Project object */;
}
