// !$*UTF8*$!
{
	archiveVersion = 1;
	classes = {
	};
	objectVersion = 56;
	objects = {

/* Begin PBXBuildFile section */
		D43599C12A1BD2750057AF7B /* AppTabBarController.swift in Sources */ = {isa = PBXBuildFile; fileRef = D43599C02A1BD2750057AF7B /* AppTabBarController.swift */; };
		D43599C32A1BD95E0057AF7B /* Colors.xcassets in Resources */ = {isa = PBXBuildFile; fileRef = D43599C22A1BD95E0057AF7B /* Colors.xcassets */; };
		D43599C62A1BDEF50057AF7B /* XCAssets+Generated.swift in Sources */ = {isa = PBXBuildFile; fileRef = D43599C52A1BDEF50057AF7B /* XCAssets+Generated.swift */; };
		D475BFA72A152C020057422D /* AppDelegate.swift in Sources */ = {isa = PBXBuildFile; fileRef = D475BFA62A152C020057422D /* AppDelegate.swift */; };
		D475BFA92A152C020057422D /* SceneDelegate.swift in Sources */ = {isa = PBXBuildFile; fileRef = D475BFA82A152C020057422D /* SceneDelegate.swift */; };
		D475BFB12A152C020057422D /* Swedbank_Clone.xcdatamodeld in Sources */ = {isa = PBXBuildFile; fileRef = D475BFAF2A152C020057422D /* Swedbank_Clone.xcdatamodeld */; };
		D475BFB32A152C030057422D /* Images.xcassets in Resources */ = {isa = PBXBuildFile; fileRef = D475BFB22A152C030057422D /* Images.xcassets */; };
		D475BFB62A152C030057422D /* LaunchScreen.storyboard in Resources */ = {isa = PBXBuildFile; fileRef = D475BFB42A152C030057422D /* LaunchScreen.storyboard */; };
		D475BFC12A152C030057422D /* SwedbankCloneTests.swift in Sources */ = {isa = PBXBuildFile; fileRef = D475BFC02A152C030057422D /* SwedbankCloneTests.swift */; };
		D475BFCB2A152C030057422D /* SwedbankCloneUITests.swift in Sources */ = {isa = PBXBuildFile; fileRef = D475BFCA2A152C030057422D /* SwedbankCloneUITests.swift */; };
		D475BFCD2A152C030057422D /* SwedbankCloneUITestsLaunchTests.swift in Sources */ = {isa = PBXBuildFile; fileRef = D475BFCC2A152C030057422D /* SwedbankCloneUITestsLaunchTests.swift */; };
		D475BFDD2A152C310057422D /* DependencyProvider.swift in Sources */ = {isa = PBXBuildFile; fileRef = D475BFDC2A152C310057422D /* DependencyProvider.swift */; };
		D475BFE52A152D0E0057422D /* DevToolsCore in Frameworks */ = {isa = PBXBuildFile; productRef = D475BFE42A152D0E0057422D /* DevToolsCore */; };
		D475BFE72A152D0E0057422D /* DevToolsCoreData in Frameworks */ = {isa = PBXBuildFile; productRef = D475BFE62A152D0E0057422D /* DevToolsCoreData */; };
		D475BFE92A152D0E0057422D /* DevToolsNavigation in Frameworks */ = {isa = PBXBuildFile; productRef = D475BFE82A152D0E0057422D /* DevToolsNavigation */; };
		D475BFEB2A152D0E0057422D /* DevToolsNetworking in Frameworks */ = {isa = PBXBuildFile; productRef = D475BFEA2A152D0E0057422D /* DevToolsNetworking */; };
		D475BFED2A152D0E0057422D /* DevToolsUI in Frameworks */ = {isa = PBXBuildFile; productRef = D475BFEC2A152D0E0057422D /* DevToolsUI */; };
		D475BFF02A152D620057422D /* Swinject in Frameworks */ = {isa = PBXBuildFile; productRef = D475BFEF2A152D620057422D /* Swinject */; };
		D475BFF72A152DA10057422D /* RepositoryAssembly.swift in Sources */ = {isa = PBXBuildFile; fileRef = D475BFF22A152DA10057422D /* RepositoryAssembly.swift */; };
		D475BFF82A152DA10057422D /* DataMapperAssembly.swift in Sources */ = {isa = PBXBuildFile; fileRef = D475BFF32A152DA10057422D /* DataMapperAssembly.swift */; };
		D475BFF92A152DA10057422D /* PersistentCoreDataStoreAssembly.swift in Sources */ = {isa = PBXBuildFile; fileRef = D475BFF42A152DA10057422D /* PersistentCoreDataStoreAssembly.swift */; };
		D475BFFB2A152DA10057422D /* DataProviderAssembly.swift in Sources */ = {isa = PBXBuildFile; fileRef = D475BFF62A152DA10057422D /* DataProviderAssembly.swift */; };
		D475C0092A1530300057422D /* Person.swift in Sources */ = {isa = PBXBuildFile; fileRef = D475C0082A1530300057422D /* Person.swift */; };
		D475C00B2A1531C40057422D /* AppCoordinator.swift in Sources */ = {isa = PBXBuildFile; fileRef = D475C00A2A1531C40057422D /* AppCoordinator.swift */; };
		D475C00E2A15373E0057422D /* CoordinatorFactory.swift in Sources */ = {isa = PBXBuildFile; fileRef = D475C00D2A15373E0057422D /* CoordinatorFactory.swift */; };
		D475C0112A1538050057422D /* WelcomeScreenView.swift in Sources */ = {isa = PBXBuildFile; fileRef = D475C0102A1538050057422D /* WelcomeScreenView.swift */; };
		D475C0132A15381C0057422D /* WelcomeScreenCommon.swift in Sources */ = {isa = PBXBuildFile; fileRef = D475C0122A15381C0057422D /* WelcomeScreenCommon.swift */; };
		D475C0152A1538740057422D /* WelcomeScreenPreview.swift in Sources */ = {isa = PBXBuildFile; fileRef = D475C0142A1538740057422D /* WelcomeScreenPreview.swift */; };
		D475C01A2A1544180057422D /* WelcomeScreenVMImpl.swift in Sources */ = {isa = PBXBuildFile; fileRef = D475C0192A1544180057422D /* WelcomeScreenVMImpl.swift */; };
		D4B936122A1BC45100A39414 /* TabBarCoordinator.swift in Sources */ = {isa = PBXBuildFile; fileRef = D4B936112A1BC45100A39414 /* TabBarCoordinator.swift */; };
		D4B936152A1BC65D00A39414 /* OverviewCoordinator.swift in Sources */ = {isa = PBXBuildFile; fileRef = D4B936142A1BC65D00A39414 /* OverviewCoordinator.swift */; };
/* End PBXBuildFile section */

/* Begin PBXContainerItemProxy section */
		D475BFBD2A152C030057422D /* PBXContainerItemProxy */ = {
			isa = PBXContainerItemProxy;
			containerPortal = D475BF9B2A152C020057422D /* Project object */;
			proxyType = 1;
			remoteGlobalIDString = D475BFA22A152C020057422D;
			remoteInfo = "Swedbank-Clone";
		};
		D475BFC72A152C030057422D /* PBXContainerItemProxy */ = {
			isa = PBXContainerItemProxy;
			containerPortal = D475BF9B2A152C020057422D /* Project object */;
			proxyType = 1;
			remoteGlobalIDString = D475BFA22A152C020057422D;
			remoteInfo = "Swedbank-Clone";
		};
/* End PBXContainerItemProxy section */

/* Begin PBXFileReference section */
		D43599C02A1BD2750057AF7B /* AppTabBarController.swift */ = {isa = PBXFileReference; lastKnownFileType = sourcecode.swift; path = AppTabBarController.swift; sourceTree = "<group>"; };
		D43599C22A1BD95E0057AF7B /* Colors.xcassets */ = {isa = PBXFileReference; lastKnownFileType = folder.assetcatalog; path = Colors.xcassets; sourceTree = "<group>"; };
		D43599C52A1BDEF50057AF7B /* XCAssets+Generated.swift */ = {isa = PBXFileReference; fileEncoding = 4; lastKnownFileType = sourcecode.swift; path = "XCAssets+Generated.swift"; sourceTree = "<group>"; };
		D475BFA32A152C020057422D /* Swedbank-Clone.app */ = {isa = PBXFileReference; explicitFileType = wrapper.application; includeInIndex = 0; path = "Swedbank-Clone.app"; sourceTree = BUILT_PRODUCTS_DIR; };
		D475BFA62A152C020057422D /* AppDelegate.swift */ = {isa = PBXFileReference; lastKnownFileType = sourcecode.swift; path = AppDelegate.swift; sourceTree = "<group>"; };
		D475BFA82A152C020057422D /* SceneDelegate.swift */ = {isa = PBXFileReference; lastKnownFileType = sourcecode.swift; path = SceneDelegate.swift; sourceTree = "<group>"; };
		D475BFB02A152C020057422D /* Swedbank_Clone.xcdatamodel */ = {isa = PBXFileReference; lastKnownFileType = wrapper.xcdatamodel; path = Swedbank_Clone.xcdatamodel; sourceTree = "<group>"; };
		D475BFB22A152C030057422D /* Images.xcassets */ = {isa = PBXFileReference; lastKnownFileType = folder.assetcatalog; path = Images.xcassets; sourceTree = "<group>"; };
		D475BFB52A152C030057422D /* Base */ = {isa = PBXFileReference; lastKnownFileType = file.storyboard; name = Base; path = Base.lproj/LaunchScreen.storyboard; sourceTree = "<group>"; };
		D475BFB72A152C030057422D /* Info.plist */ = {isa = PBXFileReference; lastKnownFileType = text.plist.xml; path = Info.plist; sourceTree = "<group>"; };
		D475BFBC2A152C030057422D /* Swedbank-CloneTests.xctest */ = {isa = PBXFileReference; explicitFileType = wrapper.cfbundle; includeInIndex = 0; path = "Swedbank-CloneTests.xctest"; sourceTree = BUILT_PRODUCTS_DIR; };
		D475BFC02A152C030057422D /* SwedbankCloneTests.swift */ = {isa = PBXFileReference; lastKnownFileType = sourcecode.swift; path = SwedbankCloneTests.swift; sourceTree = "<group>"; };
		D475BFC62A152C030057422D /* Swedbank-CloneUITests.xctest */ = {isa = PBXFileReference; explicitFileType = wrapper.cfbundle; includeInIndex = 0; path = "Swedbank-CloneUITests.xctest"; sourceTree = BUILT_PRODUCTS_DIR; };
		D475BFCA2A152C030057422D /* SwedbankCloneUITests.swift */ = {isa = PBXFileReference; lastKnownFileType = sourcecode.swift; path = SwedbankCloneUITests.swift; sourceTree = "<group>"; };
		D475BFCC2A152C030057422D /* SwedbankCloneUITestsLaunchTests.swift */ = {isa = PBXFileReference; lastKnownFileType = sourcecode.swift; path = SwedbankCloneUITestsLaunchTests.swift; sourceTree = "<group>"; };
		D475BFDC2A152C310057422D /* DependencyProvider.swift */ = {isa = PBXFileReference; lastKnownFileType = sourcecode.swift; path = DependencyProvider.swift; sourceTree = "<group>"; };
		D475BFF22A152DA10057422D /* RepositoryAssembly.swift */ = {isa = PBXFileReference; fileEncoding = 4; lastKnownFileType = sourcecode.swift; path = RepositoryAssembly.swift; sourceTree = "<group>"; };
		D475BFF32A152DA10057422D /* DataMapperAssembly.swift */ = {isa = PBXFileReference; fileEncoding = 4; lastKnownFileType = sourcecode.swift; path = DataMapperAssembly.swift; sourceTree = "<group>"; };
		D475BFF42A152DA10057422D /* PersistentCoreDataStoreAssembly.swift */ = {isa = PBXFileReference; fileEncoding = 4; lastKnownFileType = sourcecode.swift; path = PersistentCoreDataStoreAssembly.swift; sourceTree = "<group>"; };
		D475BFF62A152DA10057422D /* DataProviderAssembly.swift */ = {isa = PBXFileReference; fileEncoding = 4; lastKnownFileType = sourcecode.swift; path = DataProviderAssembly.swift; sourceTree = "<group>"; };
		D475C0082A1530300057422D /* Person.swift */ = {isa = PBXFileReference; lastKnownFileType = sourcecode.swift; path = Person.swift; sourceTree = "<group>"; };
		D475C00A2A1531C40057422D /* AppCoordinator.swift */ = {isa = PBXFileReference; lastKnownFileType = sourcecode.swift; path = AppCoordinator.swift; sourceTree = "<group>"; };
		D475C00D2A15373E0057422D /* CoordinatorFactory.swift */ = {isa = PBXFileReference; lastKnownFileType = sourcecode.swift; path = CoordinatorFactory.swift; sourceTree = "<group>"; };
		D475C0102A1538050057422D /* WelcomeScreenView.swift */ = {isa = PBXFileReference; lastKnownFileType = sourcecode.swift; path = WelcomeScreenView.swift; sourceTree = "<group>"; };
		D475C0122A15381C0057422D /* WelcomeScreenCommon.swift */ = {isa = PBXFileReference; lastKnownFileType = sourcecode.swift; path = WelcomeScreenCommon.swift; sourceTree = "<group>"; };
		D475C0142A1538740057422D /* WelcomeScreenPreview.swift */ = {isa = PBXFileReference; lastKnownFileType = sourcecode.swift; path = WelcomeScreenPreview.swift; sourceTree = "<group>"; };
		D475C0192A1544180057422D /* WelcomeScreenVMImpl.swift */ = {isa = PBXFileReference; lastKnownFileType = sourcecode.swift; path = WelcomeScreenVMImpl.swift; sourceTree = "<group>"; };
		D4B936112A1BC45100A39414 /* TabBarCoordinator.swift */ = {isa = PBXFileReference; lastKnownFileType = sourcecode.swift; path = TabBarCoordinator.swift; sourceTree = "<group>"; };
		D4B936142A1BC65D00A39414 /* OverviewCoordinator.swift */ = {isa = PBXFileReference; lastKnownFileType = sourcecode.swift; path = OverviewCoordinator.swift; sourceTree = "<group>"; };
/* End PBXFileReference section */

/* Begin PBXFrameworksBuildPhase section */
		D475BFA02A152C020057422D /* Frameworks */ = {
			isa = PBXFrameworksBuildPhase;
			buildActionMask = 2147483647;
			files = (
				D475BFE52A152D0E0057422D /* DevToolsCore in Frameworks */,
				D475BFED2A152D0E0057422D /* DevToolsUI in Frameworks */,
				D475BFE92A152D0E0057422D /* DevToolsNavigation in Frameworks */,
				D475BFEB2A152D0E0057422D /* DevToolsNetworking in Frameworks */,
				D475BFE72A152D0E0057422D /* DevToolsCoreData in Frameworks */,
				D475BFF02A152D620057422D /* Swinject in Frameworks */,
			);
			runOnlyForDeploymentPostprocessing = 0;
		};
		D475BFB92A152C030057422D /* Frameworks */ = {
			isa = PBXFrameworksBuildPhase;
			buildActionMask = 2147483647;
			files = (
			);
			runOnlyForDeploymentPostprocessing = 0;
		};
		D475BFC32A152C030057422D /* Frameworks */ = {
			isa = PBXFrameworksBuildPhase;
			buildActionMask = 2147483647;
			files = (
			);
			runOnlyForDeploymentPostprocessing = 0;
		};
/* End PBXFrameworksBuildPhase section */

/* Begin PBXGroup section */
		D43599C42A1BDEF50057AF7B /* Generated */ = {
			isa = PBXGroup;
			children = (
				D43599C52A1BDEF50057AF7B /* XCAssets+Generated.swift */,
			);
			path = Generated;
			sourceTree = "<group>";
		};
		D475BF9A2A152C020057422D = {
			isa = PBXGroup;
			children = (
				D475BFA52A152C020057422D /* Swedbank-Clone */,
				D475BFBF2A152C030057422D /* Swedbank-CloneTests */,
				D475BFC92A152C030057422D /* Swedbank-CloneUITests */,
				D475BFA42A152C020057422D /* Products */,
			);
			sourceTree = "<group>";
		};
		D475BFA42A152C020057422D /* Products */ = {
			isa = PBXGroup;
			children = (
				D475BFA32A152C020057422D /* Swedbank-Clone.app */,
				D475BFBC2A152C030057422D /* Swedbank-CloneTests.xctest */,
				D475BFC62A152C030057422D /* Swedbank-CloneUITests.xctest */,
			);
			name = Products;
			sourceTree = "<group>";
		};
		D475BFA52A152C020057422D /* Swedbank-Clone */ = {
			isa = PBXGroup;
			children = (
				D475BFA62A152C020057422D /* AppDelegate.swift */,
				D475BFA82A152C020057422D /* SceneDelegate.swift */,
				D475BFFD2A152F070057422D /* Presentation */,
				D475BFD92A152C0C0057422D /* Config */,
				D475BFDE2A152C590057422D /* Domain */,
				D475C0022A152F500057422D /* Infrastructure */,
				D475BFFC2A152EC80057422D /* Resources */,
				D475BFB42A152C030057422D /* LaunchScreen.storyboard */,
				D475BFB72A152C030057422D /* Info.plist */,
				D43599C42A1BDEF50057AF7B /* Generated */,
			);
			path = "Swedbank-Clone";
			sourceTree = "<group>";
		};
		D475BFBF2A152C030057422D /* Swedbank-CloneTests */ = {
			isa = PBXGroup;
			children = (
				D475BFC02A152C030057422D /* SwedbankCloneTests.swift */,
			);
			path = "Swedbank-CloneTests";
			sourceTree = "<group>";
		};
		D475BFC92A152C030057422D /* Swedbank-CloneUITests */ = {
			isa = PBXGroup;
			children = (
				D475BFCA2A152C030057422D /* SwedbankCloneUITests.swift */,
				D475BFCC2A152C030057422D /* SwedbankCloneUITestsLaunchTests.swift */,
			);
			path = "Swedbank-CloneUITests";
			sourceTree = "<group>";
		};
		D475BFD92A152C0C0057422D /* Config */ = {
			isa = PBXGroup;
			children = (
				D475BFDA2A152C170057422D /* Dependencies */,
			);
			path = Config;
			sourceTree = "<group>";
		};
		D475BFDA2A152C170057422D /* Dependencies */ = {
			isa = PBXGroup;
			children = (
				D475BFDC2A152C310057422D /* DependencyProvider.swift */,
				D475BFF12A152DA10057422D /* Assemblies */,
			);
			path = Dependencies;
			sourceTree = "<group>";
		};
		D475BFDE2A152C590057422D /* Domain */ = {
			isa = PBXGroup;
			children = (
				D475BFE22A152C7A0057422D /* Models */,
				D475BFE12A152C6B0057422D /* Providers */,
				D475BFE02A152C640057422D /* Repositories */,
				D475BFDF2A152C600057422D /* Mappers */,
			);
			path = Domain;
			sourceTree = "<group>";
		};
		D475BFDF2A152C600057422D /* Mappers */ = {
			isa = PBXGroup;
			children = (
			);
			path = Mappers;
			sourceTree = "<group>";
		};
		D475BFE02A152C640057422D /* Repositories */ = {
			isa = PBXGroup;
			children = (
			);
			path = Repositories;
			sourceTree = "<group>";
		};
		D475BFE12A152C6B0057422D /* Providers */ = {
			isa = PBXGroup;
			children = (
			);
			path = Providers;
			sourceTree = "<group>";
		};
		D475BFE22A152C7A0057422D /* Models */ = {
			isa = PBXGroup;
			children = (
				D475C0062A1530050057422D /* Person */,
			);
			path = Models;
			sourceTree = "<group>";
		};
		D475BFF12A152DA10057422D /* Assemblies */ = {
			isa = PBXGroup;
			children = (
				D475BFF22A152DA10057422D /* RepositoryAssembly.swift */,
				D475BFF32A152DA10057422D /* DataMapperAssembly.swift */,
				D475BFF42A152DA10057422D /* PersistentCoreDataStoreAssembly.swift */,
				D475BFF62A152DA10057422D /* DataProviderAssembly.swift */,
			);
			path = Assemblies;
			sourceTree = "<group>";
		};
		D475BFFC2A152EC80057422D /* Resources */ = {
			isa = PBXGroup;
			children = (
				D475BFB22A152C030057422D /* Images.xcassets */,
				D43599C22A1BD95E0057AF7B /* Colors.xcassets */,
			);
			path = Resources;
			sourceTree = "<group>";
		};
		D475BFFD2A152F070057422D /* Presentation */ = {
			isa = PBXGroup;
			children = (
				D475BFFF2A152F1D0057422D /* UI */,
				D475BFFE2A152F150057422D /* Navigation */,
			);
			path = Presentation;
			sourceTree = "<group>";
		};
		D475BFFE2A152F150057422D /* Navigation */ = {
			isa = PBXGroup;
			children = (
				D4B936132A1BC64C00A39414 /* Overview */,
				D4B936102A1BC44500A39414 /* Root */,
				D475C00A2A1531C40057422D /* AppCoordinator.swift */,
				D475C00D2A15373E0057422D /* CoordinatorFactory.swift */,
			);
			path = Navigation;
			sourceTree = "<group>";
		};
		D475BFFF2A152F1D0057422D /* UI */ = {
			isa = PBXGroup;
			children = (
				D475C0012A152F440057422D /* Screens */,
				D475C0002A152F400057422D /* Components */,
			);
			path = UI;
			sourceTree = "<group>";
		};
		D475C0002A152F400057422D /* Components */ = {
			isa = PBXGroup;
			children = (
			);
			path = Components;
			sourceTree = "<group>";
		};
		D475C0012A152F440057422D /* Screens */ = {
			isa = PBXGroup;
			children = (
				D475C00F2A1537D60057422D /* Welcome */,
			);
			path = Screens;
			sourceTree = "<group>";
		};
		D475C0022A152F500057422D /* Infrastructure */ = {
			isa = PBXGroup;
			children = (
				D475C0032A152FC00057422D /* Data */,
			);
			path = Infrastructure;
			sourceTree = "<group>";
		};
		D475C0032A152FC00057422D /* Data */ = {
			isa = PBXGroup;
			children = (
				D475C0042A152FC60057422D /* Store */,
			);
			path = Data;
			sourceTree = "<group>";
		};
		D475C0042A152FC60057422D /* Store */ = {
			isa = PBXGroup;
			children = (
				D475C0052A152FCD0057422D /* CoreData */,
			);
			path = Store;
			sourceTree = "<group>";
		};
		D475C0052A152FCD0057422D /* CoreData */ = {
			isa = PBXGroup;
			children = (
				D475BFAF2A152C020057422D /* Swedbank_Clone.xcdatamodeld */,
			);
			path = CoreData;
			sourceTree = "<group>";
		};
		D475C0062A1530050057422D /* Person */ = {
			isa = PBXGroup;
			children = (
				D475C0082A1530300057422D /* Person.swift */,
			);
			path = Person;
			sourceTree = "<group>";
		};
		D475C00F2A1537D60057422D /* Welcome */ = {
			isa = PBXGroup;
			children = (
				D475C0102A1538050057422D /* WelcomeScreenView.swift */,
				D475C0192A1544180057422D /* WelcomeScreenVMImpl.swift */,
				D475C0122A15381C0057422D /* WelcomeScreenCommon.swift */,
				D475C0142A1538740057422D /* WelcomeScreenPreview.swift */,
			);
			path = Welcome;
			sourceTree = "<group>";
		};
		D4B936102A1BC44500A39414 /* Root */ = {
			isa = PBXGroup;
			children = (
				D4B936112A1BC45100A39414 /* TabBarCoordinator.swift */,
				D43599C02A1BD2750057AF7B /* AppTabBarController.swift */,
			);
			path = Root;
			sourceTree = "<group>";
		};
		D4B936132A1BC64C00A39414 /* Overview */ = {
			isa = PBXGroup;
			children = (
				D4B936142A1BC65D00A39414 /* OverviewCoordinator.swift */,
			);
			path = Overview;
			sourceTree = "<group>";
		};
/* End PBXGroup section */

/* Begin PBXNativeTarget section */
		D475BFA22A152C020057422D /* Swedbank-Clone */ = {
			isa = PBXNativeTarget;
			buildConfigurationList = D475BFD02A152C030057422D /* Build configuration list for PBXNativeTarget "Swedbank-Clone" */;
			buildPhases = (
				D475BF9F2A152C020057422D /* Sources */,
				D475BFA02A152C020057422D /* Frameworks */,
				D475BFA12A152C020057422D /* Resources */,
				D4B936162A1BC87B00A39414 /* Swift lint */,
			);
			buildRules = (
			);
			dependencies = (
			);
			name = "Swedbank-Clone";
			packageProductDependencies = (
				D475BFE42A152D0E0057422D /* DevToolsCore */,
				D475BFE62A152D0E0057422D /* DevToolsCoreData */,
				D475BFE82A152D0E0057422D /* DevToolsNavigation */,
				D475BFEA2A152D0E0057422D /* DevToolsNetworking */,
				D475BFEC2A152D0E0057422D /* DevToolsUI */,
				D475BFEF2A152D620057422D /* Swinject */,
			);
			productName = "Swedbank-Clone";
			productReference = D475BFA32A152C020057422D /* Swedbank-Clone.app */;
			productType = "com.apple.product-type.application";
		};
		D475BFBB2A152C030057422D /* Swedbank-CloneTests */ = {
			isa = PBXNativeTarget;
			buildConfigurationList = D475BFD32A152C030057422D /* Build configuration list for PBXNativeTarget "Swedbank-CloneTests" */;
			buildPhases = (
				D475BFB82A152C030057422D /* Sources */,
				D475BFB92A152C030057422D /* Frameworks */,
				D475BFBA2A152C030057422D /* Resources */,
			);
			buildRules = (
			);
			dependencies = (
				D475BFBE2A152C030057422D /* PBXTargetDependency */,
			);
			name = "Swedbank-CloneTests";
			productName = "Swedbank-CloneTests";
			productReference = D475BFBC2A152C030057422D /* Swedbank-CloneTests.xctest */;
			productType = "com.apple.product-type.bundle.unit-test";
		};
		D475BFC52A152C030057422D /* Swedbank-CloneUITests */ = {
			isa = PBXNativeTarget;
			buildConfigurationList = D475BFD62A152C030057422D /* Build configuration list for PBXNativeTarget "Swedbank-CloneUITests" */;
			buildPhases = (
				D475BFC22A152C030057422D /* Sources */,
				D475BFC32A152C030057422D /* Frameworks */,
				D475BFC42A152C030057422D /* Resources */,
			);
			buildRules = (
			);
			dependencies = (
				D475BFC82A152C030057422D /* PBXTargetDependency */,
			);
			name = "Swedbank-CloneUITests";
			productName = "Swedbank-CloneUITests";
			productReference = D475BFC62A152C030057422D /* Swedbank-CloneUITests.xctest */;
			productType = "com.apple.product-type.bundle.ui-testing";
		};
/* End PBXNativeTarget section */

/* Begin PBXProject section */
		D475BF9B2A152C020057422D /* Project object */ = {
			isa = PBXProject;
			attributes = {
				BuildIndependentTargetsInParallel = 1;
				LastSwiftUpdateCheck = 1420;
				LastUpgradeCheck = 1420;
				TargetAttributes = {
					D475BFA22A152C020057422D = {
						CreatedOnToolsVersion = 14.2;
					};
					D475BFBB2A152C030057422D = {
						CreatedOnToolsVersion = 14.2;
						TestTargetID = D475BFA22A152C020057422D;
					};
					D475BFC52A152C030057422D = {
						CreatedOnToolsVersion = 14.2;
						TestTargetID = D475BFA22A152C020057422D;
					};
				};
			};
			buildConfigurationList = D475BF9E2A152C020057422D /* Build configuration list for PBXProject "Swedbank-Clone" */;
			compatibilityVersion = "Xcode 14.0";
			developmentRegion = en;
			hasScannedForEncodings = 0;
			knownRegions = (
				en,
				Base,
			);
			mainGroup = D475BF9A2A152C020057422D;
			packageReferences = (
				D475BFE32A152D0E0057422D /* XCRemoteSwiftPackageReference "DevTools-Swift" */,
				D475BFEE2A152D620057422D /* XCRemoteSwiftPackageReference "Swinject" */,
			);
			productRefGroup = D475BFA42A152C020057422D /* Products */;
			projectDirPath = "";
			projectRoot = "";
			targets = (
				D475BFA22A152C020057422D /* Swedbank-Clone */,
				D475BFBB2A152C030057422D /* Swedbank-CloneTests */,
				D475BFC52A152C030057422D /* Swedbank-CloneUITests */,
			);
		};
/* End PBXProject section */

/* Begin PBXResourcesBuildPhase section */
		D475BFA12A152C020057422D /* Resources */ = {
			isa = PBXResourcesBuildPhase;
			buildActionMask = 2147483647;
			files = (
				D43599C32A1BD95E0057AF7B /* Colors.xcassets in Resources */,
				D475BFB62A152C030057422D /* LaunchScreen.storyboard in Resources */,
				D475BFB32A152C030057422D /* Images.xcassets in Resources */,
			);
			runOnlyForDeploymentPostprocessing = 0;
		};
		D475BFBA2A152C030057422D /* Resources */ = {
			isa = PBXResourcesBuildPhase;
			buildActionMask = 2147483647;
			files = (
			);
			runOnlyForDeploymentPostprocessing = 0;
		};
		D475BFC42A152C030057422D /* Resources */ = {
			isa = PBXResourcesBuildPhase;
			buildActionMask = 2147483647;
			files = (
			);
			runOnlyForDeploymentPostprocessing = 0;
		};
/* End PBXResourcesBuildPhase section */

/* Begin PBXShellScriptBuildPhase section */
		D4B936162A1BC87B00A39414 /* Swift lint */ = {
			isa = PBXShellScriptBuildPhase;
			buildActionMask = 2147483647;
			files = (
			);
			inputFileListPaths = (
			);
			inputPaths = (
			);
			name = "Swift lint";
			outputFileListPaths = (
			);
			outputPaths = (
			);
			runOnlyForDeploymentPostprocessing = 0;
			shellPath = /bin/sh;
			shellScript = "if [[ \"$(uname -m)\" == arm64 ]]; then\n    export PATH=\"/opt/homebrew/bin:$PATH\"\nfi\n\nif which swiftlint > /dev/null; then\n  swiftlint\nelse\n  echo \"warning: SwiftLint not installed, download from https://github.com/realm/SwiftLint\"\nfi\n";
		};
/* End PBXShellScriptBuildPhase section */

/* Begin PBXSourcesBuildPhase section */
		D475BF9F2A152C020057422D /* Sources */ = {
			isa = PBXSourcesBuildPhase;
			buildActionMask = 2147483647;
			files = (
				D475BFF92A152DA10057422D /* PersistentCoreDataStoreAssembly.swift in Sources */,
				D475C0092A1530300057422D /* Person.swift in Sources */,
				D475C00B2A1531C40057422D /* AppCoordinator.swift in Sources */,
				D475BFF72A152DA10057422D /* RepositoryAssembly.swift in Sources */,
				D4B936122A1BC45100A39414 /* TabBarCoordinator.swift in Sources */,
				D475BFF82A152DA10057422D /* DataMapperAssembly.swift in Sources */,
				D475BFA72A152C020057422D /* AppDelegate.swift in Sources */,
				D475BFFB2A152DA10057422D /* DataProviderAssembly.swift in Sources */,
				D475C0152A1538740057422D /* WelcomeScreenPreview.swift in Sources */,
				D475BFDD2A152C310057422D /* DependencyProvider.swift in Sources */,
				D475BFB12A152C020057422D /* Swedbank_Clone.xcdatamodeld in Sources */,
				D43599C62A1BDEF50057AF7B /* XCAssets+Generated.swift in Sources */,
				D475C0112A1538050057422D /* WelcomeScreenView.swift in Sources */,
				D43599C12A1BD2750057AF7B /* AppTabBarController.swift in Sources */,
				D475C00E2A15373E0057422D /* CoordinatorFactory.swift in Sources */,
				D475BFA92A152C020057422D /* SceneDelegate.swift in Sources */,
				D4B936152A1BC65D00A39414 /* OverviewCoordinator.swift in Sources */,
				D475C0132A15381C0057422D /* WelcomeScreenCommon.swift in Sources */,
				D475C01A2A1544180057422D /* WelcomeScreenVMImpl.swift in Sources */,
			);
			runOnlyForDeploymentPostprocessing = 0;
		};
		D475BFB82A152C030057422D /* Sources */ = {
			isa = PBXSourcesBuildPhase;
			buildActionMask = 2147483647;
			files = (
				D475BFC12A152C030057422D /* SwedbankCloneTests.swift in Sources */,
			);
			runOnlyForDeploymentPostprocessing = 0;
		};
		D475BFC22A152C030057422D /* Sources */ = {
			isa = PBXSourcesBuildPhase;
			buildActionMask = 2147483647;
			files = (
				D475BFCB2A152C030057422D /* SwedbankCloneUITests.swift in Sources */,
				D475BFCD2A152C030057422D /* SwedbankCloneUITestsLaunchTests.swift in Sources */,
			);
			runOnlyForDeploymentPostprocessing = 0;
		};
/* End PBXSourcesBuildPhase section */

/* Begin PBXTargetDependency section */
		D475BFBE2A152C030057422D /* PBXTargetDependency */ = {
			isa = PBXTargetDependency;
			target = D475BFA22A152C020057422D /* Swedbank-Clone */;
			targetProxy = D475BFBD2A152C030057422D /* PBXContainerItemProxy */;
		};
		D475BFC82A152C030057422D /* PBXTargetDependency */ = {
			isa = PBXTargetDependency;
			target = D475BFA22A152C020057422D /* Swedbank-Clone */;
			targetProxy = D475BFC72A152C030057422D /* PBXContainerItemProxy */;
		};
/* End PBXTargetDependency section */

/* Begin PBXVariantGroup section */
		D475BFB42A152C030057422D /* LaunchScreen.storyboard */ = {
			isa = PBXVariantGroup;
			children = (
				D475BFB52A152C030057422D /* Base */,
			);
			name = LaunchScreen.storyboard;
			sourceTree = "<group>";
		};
/* End PBXVariantGroup section */

/* Begin XCBuildConfiguration section */
		D475BFCE2A152C030057422D /* Debug */ = {
			isa = XCBuildConfiguration;
			buildSettings = {
				ALWAYS_SEARCH_USER_PATHS = NO;
				CLANG_ANALYZER_NONNULL = YES;
				CLANG_ANALYZER_NUMBER_OBJECT_CONVERSION = YES_AGGRESSIVE;
				CLANG_CXX_LANGUAGE_STANDARD = "gnu++20";
				CLANG_ENABLE_MODULES = YES;
				CLANG_ENABLE_OBJC_ARC = YES;
				CLANG_ENABLE_OBJC_WEAK = YES;
				CLANG_WARN_BLOCK_CAPTURE_AUTORELEASING = YES;
				CLANG_WARN_BOOL_CONVERSION = YES;
				CLANG_WARN_COMMA = YES;
				CLANG_WARN_CONSTANT_CONVERSION = YES;
				CLANG_WARN_DEPRECATED_OBJC_IMPLEMENTATIONS = YES;
				CLANG_WARN_DIRECT_OBJC_ISA_USAGE = YES_ERROR;
				CLANG_WARN_DOCUMENTATION_COMMENTS = YES;
				CLANG_WARN_EMPTY_BODY = YES;
				CLANG_WARN_ENUM_CONVERSION = YES;
				CLANG_WARN_INFINITE_RECURSION = YES;
				CLANG_WARN_INT_CONVERSION = YES;
				CLANG_WARN_NON_LITERAL_NULL_CONVERSION = YES;
				CLANG_WARN_OBJC_IMPLICIT_RETAIN_SELF = YES;
				CLANG_WARN_OBJC_LITERAL_CONVERSION = YES;
				CLANG_WARN_OBJC_ROOT_CLASS = YES_ERROR;
				CLANG_WARN_QUOTED_INCLUDE_IN_FRAMEWORK_HEADER = YES;
				CLANG_WARN_RANGE_LOOP_ANALYSIS = YES;
				CLANG_WARN_STRICT_PROTOTYPES = YES;
				CLANG_WARN_SUSPICIOUS_MOVE = YES;
				CLANG_WARN_UNGUARDED_AVAILABILITY = YES_AGGRESSIVE;
				CLANG_WARN_UNREACHABLE_CODE = YES;
				CLANG_WARN__DUPLICATE_METHOD_MATCH = YES;
				COPY_PHASE_STRIP = NO;
				DEBUG_INFORMATION_FORMAT = dwarf;
				ENABLE_STRICT_OBJC_MSGSEND = YES;
				ENABLE_TESTABILITY = YES;
				GCC_C_LANGUAGE_STANDARD = gnu11;
				GCC_DYNAMIC_NO_PIC = NO;
				GCC_NO_COMMON_BLOCKS = YES;
				GCC_OPTIMIZATION_LEVEL = 0;
				GCC_PREPROCESSOR_DEFINITIONS = (
					"DEBUG=1",
					"$(inherited)",
				);
				GCC_WARN_64_TO_32_BIT_CONVERSION = YES;
				GCC_WARN_ABOUT_RETURN_TYPE = YES_ERROR;
				GCC_WARN_UNDECLARED_SELECTOR = YES;
				GCC_WARN_UNINITIALIZED_AUTOS = YES_AGGRESSIVE;
				GCC_WARN_UNUSED_FUNCTION = YES;
				GCC_WARN_UNUSED_VARIABLE = YES;
				IPHONEOS_DEPLOYMENT_TARGET = 16.2;
				MTL_ENABLE_DEBUG_INFO = INCLUDE_SOURCE;
				MTL_FAST_MATH = YES;
				ONLY_ACTIVE_ARCH = YES;
				SDKROOT = iphoneos;
				SWIFT_ACTIVE_COMPILATION_CONDITIONS = DEBUG;
				SWIFT_OPTIMIZATION_LEVEL = "-Onone";
			};
			name = Debug;
		};
		D475BFCF2A152C030057422D /* Release */ = {
			isa = XCBuildConfiguration;
			buildSettings = {
				ALWAYS_SEARCH_USER_PATHS = NO;
				CLANG_ANALYZER_NONNULL = YES;
				CLANG_ANALYZER_NUMBER_OBJECT_CONVERSION = YES_AGGRESSIVE;
				CLANG_CXX_LANGUAGE_STANDARD = "gnu++20";
				CLANG_ENABLE_MODULES = YES;
				CLANG_ENABLE_OBJC_ARC = YES;
				CLANG_ENABLE_OBJC_WEAK = YES;
				CLANG_WARN_BLOCK_CAPTURE_AUTORELEASING = YES;
				CLANG_WARN_BOOL_CONVERSION = YES;
				CLANG_WARN_COMMA = YES;
				CLANG_WARN_CONSTANT_CONVERSION = YES;
				CLANG_WARN_DEPRECATED_OBJC_IMPLEMENTATIONS = YES;
				CLANG_WARN_DIRECT_OBJC_ISA_USAGE = YES_ERROR;
				CLANG_WARN_DOCUMENTATION_COMMENTS = YES;
				CLANG_WARN_EMPTY_BODY = YES;
				CLANG_WARN_ENUM_CONVERSION = YES;
				CLANG_WARN_INFINITE_RECURSION = YES;
				CLANG_WARN_INT_CONVERSION = YES;
				CLANG_WARN_NON_LITERAL_NULL_CONVERSION = YES;
				CLANG_WARN_OBJC_IMPLICIT_RETAIN_SELF = YES;
				CLANG_WARN_OBJC_LITERAL_CONVERSION = YES;
				CLANG_WARN_OBJC_ROOT_CLASS = YES_ERROR;
				CLANG_WARN_QUOTED_INCLUDE_IN_FRAMEWORK_HEADER = YES;
				CLANG_WARN_RANGE_LOOP_ANALYSIS = YES;
				CLANG_WARN_STRICT_PROTOTYPES = YES;
				CLANG_WARN_SUSPICIOUS_MOVE = YES;
				CLANG_WARN_UNGUARDED_AVAILABILITY = YES_AGGRESSIVE;
				CLANG_WARN_UNREACHABLE_CODE = YES;
				CLANG_WARN__DUPLICATE_METHOD_MATCH = YES;
				COPY_PHASE_STRIP = NO;
				DEBUG_INFORMATION_FORMAT = "dwarf-with-dsym";
				ENABLE_NS_ASSERTIONS = NO;
				ENABLE_STRICT_OBJC_MSGSEND = YES;
				GCC_C_LANGUAGE_STANDARD = gnu11;
				GCC_NO_COMMON_BLOCKS = YES;
				GCC_WARN_64_TO_32_BIT_CONVERSION = YES;
				GCC_WARN_ABOUT_RETURN_TYPE = YES_ERROR;
				GCC_WARN_UNDECLARED_SELECTOR = YES;
				GCC_WARN_UNINITIALIZED_AUTOS = YES_AGGRESSIVE;
				GCC_WARN_UNUSED_FUNCTION = YES;
				GCC_WARN_UNUSED_VARIABLE = YES;
				IPHONEOS_DEPLOYMENT_TARGET = 16.2;
				MTL_ENABLE_DEBUG_INFO = NO;
				MTL_FAST_MATH = YES;
				SDKROOT = iphoneos;
				SWIFT_COMPILATION_MODE = wholemodule;
				SWIFT_OPTIMIZATION_LEVEL = "-O";
				VALIDATE_PRODUCT = YES;
			};
			name = Release;
		};
		D475BFD12A152C030057422D /* Debug */ = {
			isa = XCBuildConfiguration;
			buildSettings = {
				ASSETCATALOG_COMPILER_APPICON_NAME = AppIcon;
				ASSETCATALOG_COMPILER_GLOBAL_ACCENT_COLOR_NAME = AccentColor;
				CODE_SIGN_STYLE = Automatic;
				CURRENT_PROJECT_VERSION = 1;
				DEVELOPMENT_TEAM = PA272Y5JK8;
				GENERATE_INFOPLIST_FILE = YES;
				INFOPLIST_FILE = "Swedbank-Clone/Info.plist";
				INFOPLIST_KEY_UIApplicationSupportsIndirectInputEvents = YES;
				INFOPLIST_KEY_UILaunchStoryboardName = LaunchScreen;
				INFOPLIST_KEY_UISupportedInterfaceOrientations_iPad = "UIInterfaceOrientationPortrait UIInterfaceOrientationPortraitUpsideDown UIInterfaceOrientationLandscapeLeft UIInterfaceOrientationLandscapeRight";
				INFOPLIST_KEY_UISupportedInterfaceOrientations_iPhone = "UIInterfaceOrientationPortrait UIInterfaceOrientationLandscapeLeft UIInterfaceOrientationLandscapeRight";
				LD_RUNPATH_SEARCH_PATHS = (
					"$(inherited)",
					"@executable_path/Frameworks",
				);
				MARKETING_VERSION = 1.0;
				PRODUCT_BUNDLE_IDENTIFIER = "com.hardijs.Swedbank-Clone";
				PRODUCT_NAME = "$(TARGET_NAME)";
				SUPPORTED_PLATFORMS = "iphoneos iphonesimulator";
				SUPPORTS_MACCATALYST = NO;
				SUPPORTS_MAC_DESIGNED_FOR_IPHONE_IPAD = NO;
				SWIFT_EMIT_LOC_STRINGS = YES;
				SWIFT_VERSION = 5.0;
				TARGETED_DEVICE_FAMILY = 1;
			};
			name = Debug;
		};
		D475BFD22A152C030057422D /* Release */ = {
			isa = XCBuildConfiguration;
			buildSettings = {
				ASSETCATALOG_COMPILER_APPICON_NAME = AppIcon;
				ASSETCATALOG_COMPILER_GLOBAL_ACCENT_COLOR_NAME = AccentColor;
				CODE_SIGN_STYLE = Automatic;
				CURRENT_PROJECT_VERSION = 1;
				DEVELOPMENT_TEAM = PA272Y5JK8;
				GENERATE_INFOPLIST_FILE = YES;
				INFOPLIST_FILE = "Swedbank-Clone/Info.plist";
				INFOPLIST_KEY_UIApplicationSupportsIndirectInputEvents = YES;
				INFOPLIST_KEY_UILaunchStoryboardName = LaunchScreen;
				INFOPLIST_KEY_UISupportedInterfaceOrientations_iPad = "UIInterfaceOrientationPortrait UIInterfaceOrientationPortraitUpsideDown UIInterfaceOrientationLandscapeLeft UIInterfaceOrientationLandscapeRight";
				INFOPLIST_KEY_UISupportedInterfaceOrientations_iPhone = "UIInterfaceOrientationPortrait UIInterfaceOrientationLandscapeLeft UIInterfaceOrientationLandscapeRight";
				LD_RUNPATH_SEARCH_PATHS = (
					"$(inherited)",
					"@executable_path/Frameworks",
				);
				MARKETING_VERSION = 1.0;
				PRODUCT_BUNDLE_IDENTIFIER = "com.hardijs.Swedbank-Clone";
				PRODUCT_NAME = "$(TARGET_NAME)";
				SUPPORTED_PLATFORMS = "iphoneos iphonesimulator";
				SUPPORTS_MACCATALYST = NO;
				SUPPORTS_MAC_DESIGNED_FOR_IPHONE_IPAD = NO;
				SWIFT_EMIT_LOC_STRINGS = YES;
				SWIFT_VERSION = 5.0;
				TARGETED_DEVICE_FAMILY = 1;
			};
			name = Release;
		};
		D475BFD42A152C030057422D /* Debug */ = {
			isa = XCBuildConfiguration;
			buildSettings = {
				ALWAYS_EMBED_SWIFT_STANDARD_LIBRARIES = YES;
				BUNDLE_LOADER = "$(TEST_HOST)";
				CODE_SIGN_STYLE = Automatic;
				CURRENT_PROJECT_VERSION = 1;
				DEVELOPMENT_TEAM = PA272Y5JK8;
				GENERATE_INFOPLIST_FILE = YES;
				IPHONEOS_DEPLOYMENT_TARGET = 16.2;
				MARKETING_VERSION = 1.0;
				PRODUCT_BUNDLE_IDENTIFIER = "com.hardijs.Swedbank-CloneTests";
				PRODUCT_NAME = "$(TARGET_NAME)";
				SWIFT_EMIT_LOC_STRINGS = NO;
				SWIFT_VERSION = 5.0;
				TARGETED_DEVICE_FAMILY = "1,2";
				TEST_HOST = "$(BUILT_PRODUCTS_DIR)/Swedbank-Clone.app/$(BUNDLE_EXECUTABLE_FOLDER_PATH)/Swedbank-Clone";
			};
			name = Debug;
		};
		D475BFD52A152C030057422D /* Release */ = {
			isa = XCBuildConfiguration;
			buildSettings = {
				ALWAYS_EMBED_SWIFT_STANDARD_LIBRARIES = YES;
				BUNDLE_LOADER = "$(TEST_HOST)";
				CODE_SIGN_STYLE = Automatic;
				CURRENT_PROJECT_VERSION = 1;
				DEVELOPMENT_TEAM = PA272Y5JK8;
				GENERATE_INFOPLIST_FILE = YES;
				IPHONEOS_DEPLOYMENT_TARGET = 16.2;
				MARKETING_VERSION = 1.0;
				PRODUCT_BUNDLE_IDENTIFIER = "com.hardijs.Swedbank-CloneTests";
				PRODUCT_NAME = "$(TARGET_NAME)";
				SWIFT_EMIT_LOC_STRINGS = NO;
				SWIFT_VERSION = 5.0;
				TARGETED_DEVICE_FAMILY = "1,2";
				TEST_HOST = "$(BUILT_PRODUCTS_DIR)/Swedbank-Clone.app/$(BUNDLE_EXECUTABLE_FOLDER_PATH)/Swedbank-Clone";
			};
			name = Release;
		};
		D475BFD72A152C030057422D /* Debug */ = {
			isa = XCBuildConfiguration;
			buildSettings = {
				ALWAYS_EMBED_SWIFT_STANDARD_LIBRARIES = YES;
				CODE_SIGN_STYLE = Automatic;
				CURRENT_PROJECT_VERSION = 1;
				DEVELOPMENT_TEAM = PA272Y5JK8;
				GENERATE_INFOPLIST_FILE = YES;
				MARKETING_VERSION = 1.0;
				PRODUCT_BUNDLE_IDENTIFIER = "com.hardijs.Swedbank-CloneUITests";
				PRODUCT_NAME = "$(TARGET_NAME)";
				SWIFT_EMIT_LOC_STRINGS = NO;
				SWIFT_VERSION = 5.0;
				TARGETED_DEVICE_FAMILY = "1,2";
				TEST_TARGET_NAME = "Swedbank-Clone";
			};
			name = Debug;
		};
		D475BFD82A152C030057422D /* Release */ = {
			isa = XCBuildConfiguration;
			buildSettings = {
				ALWAYS_EMBED_SWIFT_STANDARD_LIBRARIES = YES;
				CODE_SIGN_STYLE = Automatic;
				CURRENT_PROJECT_VERSION = 1;
				DEVELOPMENT_TEAM = PA272Y5JK8;
				GENERATE_INFOPLIST_FILE = YES;
				MARKETING_VERSION = 1.0;
				PRODUCT_BUNDLE_IDENTIFIER = "com.hardijs.Swedbank-CloneUITests";
				PRODUCT_NAME = "$(TARGET_NAME)";
				SWIFT_EMIT_LOC_STRINGS = NO;
				SWIFT_VERSION = 5.0;
				TARGETED_DEVICE_FAMILY = "1,2";
				TEST_TARGET_NAME = "Swedbank-Clone";
			};
			name = Release;
		};
/* End XCBuildConfiguration section */

/* Begin XCConfigurationList section */
		D475BF9E2A152C020057422D /* Build configuration list for PBXProject "Swedbank-Clone" */ = {
			isa = XCConfigurationList;
			buildConfigurations = (
				D475BFCE2A152C030057422D /* Debug */,
				D475BFCF2A152C030057422D /* Release */,
			);
			defaultConfigurationIsVisible = 0;
			defaultConfigurationName = Release;
		};
		D475BFD02A152C030057422D /* Build configuration list for PBXNativeTarget "Swedbank-Clone" */ = {
			isa = XCConfigurationList;
			buildConfigurations = (
				D475BFD12A152C030057422D /* Debug */,
				D475BFD22A152C030057422D /* Release */,
			);
			defaultConfigurationIsVisible = 0;
			defaultConfigurationName = Release;
		};
		D475BFD32A152C030057422D /* Build configuration list for PBXNativeTarget "Swedbank-CloneTests" */ = {
			isa = XCConfigurationList;
			buildConfigurations = (
				D475BFD42A152C030057422D /* Debug */,
				D475BFD52A152C030057422D /* Release */,
			);
			defaultConfigurationIsVisible = 0;
			defaultConfigurationName = Release;
		};
		D475BFD62A152C030057422D /* Build configuration list for PBXNativeTarget "Swedbank-CloneUITests" */ = {
			isa = XCConfigurationList;
			buildConfigurations = (
				D475BFD72A152C030057422D /* Debug */,
				D475BFD82A152C030057422D /* Release */,
			);
			defaultConfigurationIsVisible = 0;
			defaultConfigurationName = Release;
		};
/* End XCConfigurationList section */

/* Begin XCRemoteSwiftPackageReference section */
		D475BFE32A152D0E0057422D /* XCRemoteSwiftPackageReference "DevTools-Swift" */ = {
			isa = XCRemoteSwiftPackageReference;
			repositoryURL = "https://github.com/hk14004/DevTools-Swift";
			requirement = {
				branch = main;
				kind = branch;
			};
		};
		D475BFEE2A152D620057422D /* XCRemoteSwiftPackageReference "Swinject" */ = {
			isa = XCRemoteSwiftPackageReference;
			repositoryURL = "https://github.com/Swinject/Swinject";
			requirement = {
				kind = upToNextMajorVersion;
				minimumVersion = 2.0.0;
			};
		};
/* End XCRemoteSwiftPackageReference section */

/* Begin XCSwiftPackageProductDependency section */
		D475BFE42A152D0E0057422D /* DevToolsCore */ = {
			isa = XCSwiftPackageProductDependency;
			package = D475BFE32A152D0E0057422D /* XCRemoteSwiftPackageReference "DevTools-Swift" */;
			productName = DevToolsCore;
		};
		D475BFE62A152D0E0057422D /* DevToolsCoreData */ = {
			isa = XCSwiftPackageProductDependency;
			package = D475BFE32A152D0E0057422D /* XCRemoteSwiftPackageReference "DevTools-Swift" */;
			productName = DevToolsCoreData;
		};
		D475BFE82A152D0E0057422D /* DevToolsNavigation */ = {
			isa = XCSwiftPackageProductDependency;
			package = D475BFE32A152D0E0057422D /* XCRemoteSwiftPackageReference "DevTools-Swift" */;
			productName = DevToolsNavigation;
		};
		D475BFEA2A152D0E0057422D /* DevToolsNetworking */ = {
			isa = XCSwiftPackageProductDependency;
			package = D475BFE32A152D0E0057422D /* XCRemoteSwiftPackageReference "DevTools-Swift" */;
			productName = DevToolsNetworking;
		};
		D475BFEC2A152D0E0057422D /* DevToolsUI */ = {
			isa = XCSwiftPackageProductDependency;
			package = D475BFE32A152D0E0057422D /* XCRemoteSwiftPackageReference "DevTools-Swift" */;
			productName = DevToolsUI;
		};
		D475BFEF2A152D620057422D /* Swinject */ = {
			isa = XCSwiftPackageProductDependency;
			package = D475BFEE2A152D620057422D /* XCRemoteSwiftPackageReference "Swinject" */;
			productName = Swinject;
		};
/* End XCSwiftPackageProductDependency section */

/* Begin XCVersionGroup section */
		D475BFAF2A152C020057422D /* Swedbank_Clone.xcdatamodeld */ = {
			isa = XCVersionGroup;
			children = (
				D475BFB02A152C020057422D /* Swedbank_Clone.xcdatamodel */,
			);
			currentVersion = D475BFB02A152C020057422D /* Swedbank_Clone.xcdatamodel */;
			path = Swedbank_Clone.xcdatamodeld;
			sourceTree = "<group>";
			versionGroupType = wrapper.xcdatamodel;
		};
/* End XCVersionGroup section */
	};
	rootObject = D475BF9B2A152C020057422D /* Project object */;
}
